{
  "version": 4,
  "terraform_version": "0.15.3",
  "serial": 397,
  "lineage": "a5ebb2cb-fde3-b56a-a994-d8dd4285e935",
  "outputs": {
    "alb_id": {
      "value": "arn:aws:elasticloadbalancing:us-east-1:973795184365:loadbalancer/app/Terraform-ALB/b85d7f5a8ee2eea6",
      "type": "string"
    },
    "igw_id": {
      "value": "igw-02f697e061c2c695b",
      "type": "string"
    },
    "private_route_table_id": {
      "value": "rtb-02b7d019572282f75",
      "type": "string"
    },
    "public_route_table_id": {
      "value": "rtb-0d32bc57f02e62ede",
      "type": "string"
    },
    "route_table_assossiation_ids": {
      "value": [
        "rtbassoc-083016c08b90fe8cd",
        "rtbassoc-0bc3067ebdfaf600f",
        "rtbassoc-081f890a3b5756afb",
        "rtbassoc-089ca82ca1eb7d9d3"
      ],
      "type": [
        "tuple",
        [
          "string",
          "string",
          "string",
          "string"
        ]
      ]
    },
    "sg_alb_id": {
      "value": "sg-04868465370fbcb04",
      "type": "string"
    },
    "subnet_ids": {
      "value": {
        "Private A": "subnet-05b2c111d52e00db4",
        "Private B": "subnet-07f0e825b1bac5a15",
        "Public A": "subnet-0788441b156478796",
        "Public B": "subnet-0661440f1ce3ae350"
      },
      "type": [
        "object",
        {
          "Private A": "string",
          "Private B": "string",
          "Public A": "string",
          "Public B": "string"
        }
      ]
    },
    "vpc_id": {
      "value": "vpc-0aa79d6a9332f0d55",
      "type": "string"
    }
  },
  "resources": [
    {
      "mode": "data",
      "type": "aws_ami",
      "name": "ubuntu",
      "provider": "provider[\"registry.terraform.io/hashicorp/aws\"]",
      "instances": [
        {
          "schema_version": 0,
          "attributes": {
            "architecture": "x86_64",
            "arn": "arn:aws:ec2:us-east-1::image/ami-095348d25d5081d12",
            "block_device_mappings": [
              {
                "device_name": "/dev/sda1",
                "ebs": {
                  "delete_on_termination": "true",
                  "encrypted": "false",
                  "iops": "0",
                  "snapshot_id": "snap-0c0700bc9e451a103",
                  "throughput": "0",
                  "volume_size": "25",
                  "volume_type": "gp2"
                },
                "no_device": "",
                "virtual_name": ""
              }
            ],
            "creation_date": "2021-05-15T15:05:25.000Z",
            "description": null,
            "ena_support": true,
            "executable_users": null,
            "filter": [
              {
                "name": "architecture",
                "values": [
                  "x86_64"
                ]
              }
            ],
            "hypervisor": "xen",
            "id": "ami-095348d25d5081d12",
            "image_id": "ami-095348d25d5081d12",
            "image_location": "amazon/aws-parallelcluster-2.10.4-ubuntu-1804-lts-hvm-x86_64-202105142101",
            "image_owner_alias": "amazon",
            "image_type": "machine",
            "kernel_id": null,
            "most_recent": true,
            "name": "aws-parallelcluster-2.10.4-ubuntu-1804-lts-hvm-x86_64-202105142101",
            "name_regex": "ubuntu",
            "owner_id": "247102896272",
            "owners": [
              "amazon"
            ],
            "platform": null,
            "platform_details": "Linux/UNIX",
            "product_codes": [],
            "public": true,
            "ramdisk_id": null,
            "root_device_name": "/dev/sda1",
            "root_device_type": "ebs",
            "root_snapshot_id": "snap-0c0700bc9e451a103",
            "sriov_net_support": "simple",
            "state": "available",
            "state_reason": {
              "code": "UNSET",
              "message": "UNSET"
            },
            "tags": {},
            "usage_operation": "RunInstances",
            "virtualization_type": "hvm"
          },
          "sensitive_attributes": []
        }
      ]
    },
    {
      "mode": "managed",
      "type": "aws_autoscaling_group",
      "name": "this",
      "provider": "provider[\"registry.terraform.io/hashicorp/aws\"]",
      "instances": [
        {
          "schema_version": 0,
          "attributes": {
            "arn": "arn:aws:autoscaling:us-east-1:973795184365:autoScalingGroup:cc7e172a-7dcd-4ee4-a9df-4bd1b04070a2:autoScalingGroupName/terraform-autoscaling",
            "availability_zones": [
              "us-east-1a",
              "us-east-1b"
            ],
            "capacity_rebalance": false,
            "default_cooldown": 300,
            "desired_capacity": 1,
            "enabled_metrics": null,
            "force_delete": true,
            "force_delete_warm_pool": false,
            "health_check_grace_period": 240,
            "health_check_type": "ELB",
            "id": "terraform-autoscaling",
            "initial_lifecycle_hook": [],
            "instance_refresh": [],
            "launch_configuration": "",
            "launch_template": [
              {
                "id": "lt-04a2b0e140ce28f5d",
                "name": "terraform-20210520014150360700000002",
                "version": "1"
              }
            ],
            "load_balancers": null,
            "max_instance_lifetime": 0,
            "max_size": 3,
            "metrics_granularity": "1Minute",
            "min_elb_capacity": null,
            "min_size": 1,
            "mixed_instances_policy": [],
            "name": "terraform-autoscaling",
            "name_prefix": null,
            "placement_group": "",
            "protect_from_scale_in": false,
            "service_linked_role_arn": "arn:aws:iam::973795184365:role/aws-service-role/autoscaling.amazonaws.com/AWSServiceRoleForAutoScaling",
            "suspended_processes": null,
            "tag": [],
            "tags": null,
            "target_group_arns": [
              "arn:aws:elasticloadbalancing:us-east-1:973795184365:targetgroup/ALB-TG/8abc46e7a972f59a"
            ],
            "termination_policies": null,
            "timeouts": null,
            "vpc_zone_identifier": [
              "subnet-0661440f1ce3ae350",
              "subnet-0788441b156478796"
            ],
            "wait_for_capacity_timeout": "10m",
            "wait_for_elb_capacity": null,
            "warm_pool": []
          },
          "sensitive_attributes": [],
          "private": "eyJlMmJmYjczMC1lY2FhLTExZTYtOGY4OC0zNDM2M2JjN2M0YzAiOnsiZGVsZXRlIjo2MDAwMDAwMDAwMDB9fQ==",
          "dependencies": [
            "aws_launch_template.this",
            "aws_lb_target_group.this",
            "aws_security_group.alb",
            "aws_security_group.autoscaling",
            "aws_subnet.this",
            "aws_vpc.this",
            "data.aws_ami.ubuntu"
          ]
        }
      ]
    },
    {
      "mode": "managed",
      "type": "aws_autoscaling_policy",
      "name": "scaledown",
      "provider": "provider[\"registry.terraform.io/hashicorp/aws\"]",
      "instances": [
        {
          "schema_version": 0,
          "attributes": {
            "adjustment_type": "ChangeInCapacity",
            "arn": "arn:aws:autoscaling:us-east-1:973795184365:scalingPolicy:d7877c8f-b9d2-49d6-80d6-8379f478835e:autoScalingGroupName/terraform-autoscaling:policyName/Scale Down",
            "autoscaling_group_name": "terraform-autoscaling",
            "cooldown": 180,
            "estimated_instance_warmup": 0,
            "id": "Scale Down",
            "metric_aggregation_type": "",
            "min_adjustment_magnitude": null,
            "name": "Scale Down",
            "policy_type": "SimpleScaling",
            "scaling_adjustment": -1,
            "step_adjustment": [],
            "target_tracking_configuration": []
          },
          "sensitive_attributes": [],
          "private": "bnVsbA==",
          "dependencies": [
            "aws_autoscaling_group.this",
            "aws_launch_template.this",
            "aws_lb_target_group.this",
            "aws_security_group.alb",
            "aws_security_group.autoscaling",
            "aws_subnet.this",
            "aws_vpc.this",
            "data.aws_ami.ubuntu"
          ]
        }
      ]
    },
    {
      "mode": "managed",
      "type": "aws_autoscaling_policy",
      "name": "scaleup",
      "provider": "provider[\"registry.terraform.io/hashicorp/aws\"]",
      "instances": [
        {
          "schema_version": 0,
          "attributes": {
            "adjustment_type": "ChangeInCapacity",
            "arn": "arn:aws:autoscaling:us-east-1:973795184365:scalingPolicy:64f50365-b27a-4b2a-9e71-e69468c02137:autoScalingGroupName/terraform-autoscaling:policyName/Scale Up",
            "autoscaling_group_name": "terraform-autoscaling",
            "cooldown": 180,
            "estimated_instance_warmup": 0,
            "id": "Scale Up",
            "metric_aggregation_type": "",
            "min_adjustment_magnitude": null,
            "name": "Scale Up",
            "policy_type": "SimpleScaling",
            "scaling_adjustment": 1,
            "step_adjustment": [],
            "target_tracking_configuration": []
          },
          "sensitive_attributes": [],
          "private": "bnVsbA==",
          "dependencies": [
            "aws_autoscaling_group.this",
            "aws_launch_template.this",
            "aws_lb_target_group.this",
            "aws_security_group.alb",
            "aws_security_group.autoscaling",
            "aws_subnet.this",
            "aws_vpc.this",
            "data.aws_ami.ubuntu"
          ]
        }
      ]
    },
    {
      "mode": "managed",
      "type": "aws_cloudwatch_metric_alarm",
      "name": "down",
      "provider": "provider[\"registry.terraform.io/hashicorp/aws\"]",
      "instances": [
        {
          "schema_version": 1,
          "attributes": {
            "actions_enabled": true,
            "alarm_actions": [
              "arn:aws:autoscaling:us-east-1:973795184365:scalingPolicy:d7877c8f-b9d2-49d6-80d6-8379f478835e:autoScalingGroupName/terraform-autoscaling:policyName/Scale Down"
            ],
            "alarm_description": "Scales down an instance when CPU utilization is lesser than 40%",
            "alarm_name": "WEB-ASG Down",
            "arn": "arn:aws:cloudwatch:us-east-1:973795184365:alarm:WEB-ASG Down",
            "comparison_operator": "LessThanOrEqualToThreshold",
            "datapoints_to_alarm": 0,
            "dimensions": {
              "AutoScalingGroupName": "terraform-autoscaling"
            },
            "evaluate_low_sample_count_percentiles": "",
            "evaluation_periods": 1,
            "extended_statistic": "",
            "id": "WEB-ASG Down",
            "insufficient_data_actions": null,
            "metric_name": "CPUUtilization",
            "metric_query": [],
            "namespace": "AWS/EC2",
            "ok_actions": null,
            "period": 60,
            "statistic": "Average",
            "tags": null,
            "tags_all": {},
            "threshold": 40,
            "threshold_metric_id": "",
            "treat_missing_data": "missing",
            "unit": ""
          },
          "sensitive_attributes": [],
          "private": "eyJzY2hlbWFfdmVyc2lvbiI6IjEifQ==",
          "dependencies": [
            "aws_autoscaling_group.this",
            "aws_autoscaling_policy.scaledown",
            "aws_launch_template.this",
            "aws_lb_target_group.this",
            "aws_security_group.alb",
            "aws_security_group.autoscaling",
            "aws_subnet.this",
            "aws_vpc.this",
            "data.aws_ami.ubuntu"
          ]
        }
      ]
    },
    {
      "mode": "managed",
      "type": "aws_cloudwatch_metric_alarm",
      "name": "up",
      "provider": "provider[\"registry.terraform.io/hashicorp/aws\"]",
      "instances": [
        {
          "schema_version": 1,
          "attributes": {
            "actions_enabled": true,
            "alarm_actions": [
              "arn:aws:autoscaling:us-east-1:973795184365:scalingPolicy:64f50365-b27a-4b2a-9e71-e69468c02137:autoScalingGroupName/terraform-autoscaling:policyName/Scale Up"
            ],
            "alarm_description": "Scales up an instance when CPU utilization is greater than 30%",
            "alarm_name": "WEB-ASG Up",
            "arn": "arn:aws:cloudwatch:us-east-1:973795184365:alarm:WEB-ASG Up",
            "comparison_operator": "GreaterThanOrEqualToThreshold",
            "datapoints_to_alarm": 0,
            "dimensions": {
              "AutoScalingGroupName": "terraform-autoscaling"
            },
            "evaluate_low_sample_count_percentiles": "",
            "evaluation_periods": 1,
            "extended_statistic": "",
            "id": "WEB-ASG Up",
            "insufficient_data_actions": null,
            "metric_name": "CPUUtilization",
            "metric_query": [],
            "namespace": "AWS/EC2",
            "ok_actions": null,
            "period": 60,
            "statistic": "Average",
            "tags": null,
            "tags_all": {},
            "threshold": 40,
            "threshold_metric_id": "",
            "treat_missing_data": "missing",
            "unit": ""
          },
          "sensitive_attributes": [],
          "private": "eyJzY2hlbWFfdmVyc2lvbiI6IjEifQ==",
          "dependencies": [
            "aws_autoscaling_group.this",
            "aws_autoscaling_policy.scaleup",
            "aws_launch_template.this",
            "aws_lb_target_group.this",
            "aws_security_group.alb",
            "aws_security_group.autoscaling",
            "aws_subnet.this",
            "aws_vpc.this",
            "data.aws_ami.ubuntu"
          ]
        }
      ]
    },
    {
      "mode": "managed",
      "type": "aws_ebs_volume",
      "name": "this",
      "provider": "provider[\"registry.terraform.io/hashicorp/aws\"]",
      "instances": [
        {
          "schema_version": 0,
          "attributes": {
            "arn": "arn:aws:ec2:us-east-1:973795184365:volume/vol-034a545f8ede719d7",
            "availability_zone": "us-east-1a",
            "encrypted": false,
            "id": "vol-034a545f8ede719d7",
            "iops": 100,
            "kms_key_id": "",
            "multi_attach_enabled": false,
            "outpost_arn": "",
            "size": 10,
            "snapshot_id": "",
            "tags": {
              "Name": "webVol"
            },
            "tags_all": {
              "Name": "webVol"
            },
            "throughput": 0,
            "type": "gp2"
          },
          "sensitive_attributes": [],
          "private": "bnVsbA=="
        }
      ]
    },
    {
      "mode": "managed",
      "type": "aws_internet_gateway",
      "name": "this",
      "provider": "provider[\"registry.terraform.io/hashicorp/aws\"]",
      "instances": [
        {
          "schema_version": 0,
          "attributes": {
            "arn": "arn:aws:ec2:us-east-1:973795184365:internet-gateway/igw-02f697e061c2c695b",
            "id": "igw-02f697e061c2c695b",
            "owner_id": "973795184365",
            "tags": {
              "CreatedAt": "2021-05-13",
              "ManagedBy": "Terraform",
              "Name": "Terraform IGW ",
              "Owner": "AWS Devops",
              "Project": "AWS com Terraform",
              "Service": "Interview"
            },
            "tags_all": {
              "CreatedAt": "2021-05-13",
              "ManagedBy": "Terraform",
              "Name": "Terraform IGW ",
              "Owner": "AWS Devops",
              "Project": "AWS com Terraform",
              "Service": "Interview"
            },
            "vpc_id": "vpc-0aa79d6a9332f0d55"
          },
          "sensitive_attributes": [],
          "private": "bnVsbA==",
          "dependencies": [
            "aws_vpc.this"
          ]
        }
      ]
    },
    {
      "mode": "managed",
      "type": "aws_launch_template",
      "name": "this",
      "provider": "provider[\"registry.terraform.io/hashicorp/aws\"]",
      "instances": [
        {
          "schema_version": 0,
          "attributes": {
            "arn": "arn:aws:ec2:us-east-1:973795184365:launch-template/lt-04a2b0e140ce28f5d",
            "block_device_mappings": [],
            "capacity_reservation_specification": [],
            "cpu_options": [],
            "credit_specification": [],
            "default_version": 1,
            "description": "",
            "disable_api_termination": false,
            "ebs_optimized": "",
            "elastic_gpu_specifications": [],
            "elastic_inference_accelerator": [],
            "enclave_options": [],
            "hibernation_options": [],
            "iam_instance_profile": [],
            "id": "lt-04a2b0e140ce28f5d",
            "image_id": "ami-095348d25d5081d12",
            "instance_initiated_shutdown_behavior": "",
            "instance_market_options": [],
            "instance_type": "t2.micro",
            "kernel_id": "",
            "key_name": "access_user_key",
            "latest_version": 1,
            "license_specification": [],
            "metadata_options": [],
            "monitoring": [
              {
                "enabled": true
              }
            ],
            "name": "terraform-20210520014150360700000002",
            "name_prefix": "terraform-",
            "network_interfaces": [
              {
                "associate_carrier_ip_address": "",
                "associate_public_ip_address": "true",
                "delete_on_termination": "true",
                "description": "",
                "device_index": 0,
                "ipv4_address_count": 0,
                "ipv4_addresses": null,
                "ipv6_address_count": 0,
                "ipv6_addresses": null,
                "network_interface_id": "",
                "private_ip_address": "",
                "security_groups": [
                  "sg-0441586247b5f4d49"
                ],
                "subnet_id": ""
              }
            ],
            "placement": [],
            "ram_disk_id": "",
            "security_group_names": null,
            "tag_specifications": [],
            "tags": null,
            "tags_all": {},
            "update_default_version": null,
            "user_data": "IyEvYmluL2Jhc2gKc3VkbyBhcHQtZ2V0IHVwZGF0ZQpzdWRvIGFwdC1nZXQgaW5zdGFsbCAteSBhcGFjaGUyCmVjaG8gJ0hlbGxvIGZyb20gVGVycmFmb3JtJyA+IC92YXIvd3d3L2h0bWwvaW5kZXguaHRtbApzZXJ2aWNlIGh0dHBkIHN0YXJ0CgpmZGlzayAvZGV2L3h2ZGMgPDwgRkRJU0tfQ01EUwpnCm4KMQorNTAwTWlCCm4KMgp0CjEKODMKdAoyCjgzCncKRkRJU0tfQ01EUwpta2ZzIC10IGV4dDQgL2Rldi94dmRjMQptb3VudCAvZGV2L3h2ZGMxIC92YXIvd3d3L2h0bWwKCgojIHN1ZG8gc3RyZXNzLW5nIC0tY3B1IDMyIC0tdGltZW91dCAxODAgLS1tZXRyaWNzLWJyaWVmCg==",
            "vpc_security_group_ids": null
          },
          "sensitive_attributes": [],
          "private": "bnVsbA==",
          "dependencies": [
            "aws_security_group.alb",
            "aws_security_group.autoscaling",
            "aws_vpc.this",
            "data.aws_ami.ubuntu"
          ]
        }
      ]
    },
    {
      "mode": "managed",
      "type": "aws_lb",
      "name": "this",
      "provider": "provider[\"registry.terraform.io/hashicorp/aws\"]",
      "instances": [
        {
          "schema_version": 0,
          "attributes": {
            "access_logs": [
              {
                "bucket": "",
                "enabled": false,
                "prefix": ""
              }
            ],
            "arn": "arn:aws:elasticloadbalancing:us-east-1:973795184365:loadbalancer/app/Terraform-ALB/b85d7f5a8ee2eea6",
            "arn_suffix": "app/Terraform-ALB/b85d7f5a8ee2eea6",
            "customer_owned_ipv4_pool": "",
            "dns_name": "Terraform-ALB-1076953975.us-east-1.elb.amazonaws.com",
            "drop_invalid_header_fields": false,
            "enable_cross_zone_load_balancing": null,
            "enable_deletion_protection": false,
            "enable_http2": true,
            "id": "arn:aws:elasticloadbalancing:us-east-1:973795184365:loadbalancer/app/Terraform-ALB/b85d7f5a8ee2eea6",
            "idle_timeout": 60,
            "internal": false,
            "ip_address_type": "ipv4",
            "load_balancer_type": "application",
            "name": "Terraform-ALB",
            "name_prefix": null,
            "security_groups": [
              "sg-04868465370fbcb04"
            ],
            "subnet_mapping": [
              {
                "allocation_id": "",
                "ipv6_address": "",
                "outpost_id": "",
                "private_ipv4_address": "",
                "subnet_id": "subnet-0661440f1ce3ae350"
              },
              {
                "allocation_id": "",
                "ipv6_address": "",
                "outpost_id": "",
                "private_ipv4_address": "",
                "subnet_id": "subnet-0788441b156478796"
              }
            ],
            "subnets": [
              "subnet-0661440f1ce3ae350",
              "subnet-0788441b156478796"
            ],
            "tags": {
              "CreatedAt": "2021-05-13",
              "ManagedBy": "Terraform",
              "Name": "Terraform ALB",
              "Owner": "AWS Devops",
              "Project": "AWS com Terraform",
              "Service": "Interview"
            },
            "tags_all": {
              "CreatedAt": "2021-05-13",
              "ManagedBy": "Terraform",
              "Name": "Terraform ALB",
              "Owner": "AWS Devops",
              "Project": "AWS com Terraform",
              "Service": "Interview"
            },
            "timeouts": null,
            "vpc_id": "vpc-0aa79d6a9332f0d55",
            "zone_id": "Z35SXDOTRQ7X7K"
          },
          "sensitive_attributes": [],
          "private": "eyJlMmJmYjczMC1lY2FhLTExZTYtOGY4OC0zNDM2M2JjN2M0YzAiOnsiY3JlYXRlIjo2MDAwMDAwMDAwMDAsImRlbGV0ZSI6NjAwMDAwMDAwMDAwLCJ1cGRhdGUiOjYwMDAwMDAwMDAwMH19",
          "dependencies": [
            "aws_security_group.alb",
            "aws_subnet.this",
            "aws_vpc.this"
          ]
        }
      ]
    },
    {
      "mode": "managed",
      "type": "aws_lb_listener",
      "name": "this",
      "provider": "provider[\"registry.terraform.io/hashicorp/aws\"]",
      "instances": [
        {
          "schema_version": 0,
          "attributes": {
            "alpn_policy": null,
            "arn": "arn:aws:elasticloadbalancing:us-east-1:973795184365:listener/app/Terraform-ALB/b85d7f5a8ee2eea6/06500c3fa36451bf",
            "certificate_arn": null,
            "default_action": [
              {
                "authenticate_cognito": [],
                "authenticate_oidc": [],
                "fixed_response": [],
                "forward": [],
                "order": 1,
                "redirect": [],
                "target_group_arn": "arn:aws:elasticloadbalancing:us-east-1:973795184365:targetgroup/ALB-TG/8abc46e7a972f59a",
                "type": "forward"
              }
            ],
            "id": "arn:aws:elasticloadbalancing:us-east-1:973795184365:listener/app/Terraform-ALB/b85d7f5a8ee2eea6/06500c3fa36451bf",
            "load_balancer_arn": "arn:aws:elasticloadbalancing:us-east-1:973795184365:loadbalancer/app/Terraform-ALB/b85d7f5a8ee2eea6",
            "port": 80,
            "protocol": "HTTP",
            "ssl_policy": "",
            "tags": null,
            "tags_all": {},
            "timeouts": null
          },
          "sensitive_attributes": [],
          "private": "eyJlMmJmYjczMC1lY2FhLTExZTYtOGY4OC0zNDM2M2JjN2M0YzAiOnsicmVhZCI6NjAwMDAwMDAwMDAwfX0=",
          "dependencies": [
            "aws_lb.this",
            "aws_lb_target_group.this",
            "aws_security_group.alb",
            "aws_subnet.this",
            "aws_vpc.this"
          ]
        }
      ]
    },
    {
      "mode": "managed",
      "type": "aws_lb_target_group",
      "name": "this",
      "provider": "provider[\"registry.terraform.io/hashicorp/aws\"]",
      "instances": [
        {
          "schema_version": 0,
          "attributes": {
            "arn": "arn:aws:elasticloadbalancing:us-east-1:973795184365:targetgroup/ALB-TG/8abc46e7a972f59a",
            "arn_suffix": "targetgroup/ALB-TG/8abc46e7a972f59a",
            "deregistration_delay": 300,
            "health_check": [
              {
                "enabled": true,
                "healthy_threshold": 2,
                "interval": 30,
                "matcher": "200",
                "path": "/",
                "port": "traffic-port",
                "protocol": "HTTP",
                "timeout": 5,
                "unhealthy_threshold": 3
              }
            ],
            "id": "arn:aws:elasticloadbalancing:us-east-1:973795184365:targetgroup/ALB-TG/8abc46e7a972f59a",
            "lambda_multi_value_headers_enabled": false,
            "load_balancing_algorithm_type": "round_robin",
            "name": "ALB-TG",
            "name_prefix": null,
            "port": 80,
            "preserve_client_ip": null,
            "protocol": "HTTP",
            "protocol_version": "HTTP1",
            "proxy_protocol_v2": false,
            "slow_start": 0,
            "stickiness": [
              {
                "cookie_duration": 86400,
                "enabled": false,
                "type": "lb_cookie"
              }
            ],
            "tags": null,
            "tags_all": {},
            "target_type": "instance",
            "vpc_id": "vpc-0aa79d6a9332f0d55"
          },
          "sensitive_attributes": [],
          "private": "bnVsbA==",
          "dependencies": [
            "aws_vpc.this"
          ]
        }
      ]
    },
    {
      "mode": "managed",
      "type": "aws_route53_zone",
      "name": "this",
      "provider": "provider[\"registry.terraform.io/hashicorp/aws\"]",
      "instances": [
        {
          "schema_version": 0,
          "attributes": {
            "comment": "Managed by Terraform",
            "delegation_set_id": "",
            "force_destroy": false,
            "id": "Z07985103URAGASXEW401",
            "name": "ffk07devops.com",
            "name_servers": [
              "ns-1526.awsdns-62.org",
              "ns-1701.awsdns-20.co.uk",
              "ns-308.awsdns-38.com",
              "ns-930.awsdns-52.net"
            ],
            "tags": null,
            "tags_all": {},
            "vpc": [],
            "zone_id": "Z07985103URAGASXEW401"
          },
          "sensitive_attributes": [],
          "private": "bnVsbA=="
        }
      ]
    },
    {
      "mode": "managed",
      "type": "aws_route_table",
      "name": "private",
      "provider": "provider[\"registry.terraform.io/hashicorp/aws\"]",
      "instances": [
        {
          "schema_version": 0,
          "attributes": {
            "arn": "arn:aws:ec2:us-east-1:973795184365:route-table/rtb-02b7d019572282f75",
            "id": "rtb-02b7d019572282f75",
            "owner_id": "973795184365",
            "propagating_vgws": [],
            "route": [],
            "tags": {
              "CreatedAt": "2021-05-13",
              "ManagedBy": "Terraform",
              "Name": "Terraform Private",
              "Owner": "AWS Devops",
              "Project": "AWS com Terraform",
              "Service": "Interview"
            },
            "tags_all": {
              "CreatedAt": "2021-05-13",
              "ManagedBy": "Terraform",
              "Name": "Terraform Private",
              "Owner": "AWS Devops",
              "Project": "AWS com Terraform",
              "Service": "Interview"
            },
            "vpc_id": "vpc-0aa79d6a9332f0d55"
          },
          "sensitive_attributes": [],
          "private": "bnVsbA==",
          "dependencies": [
            "aws_vpc.this"
          ]
        }
      ]
    },
    {
      "mode": "managed",
      "type": "aws_route_table",
      "name": "public",
      "provider": "provider[\"registry.terraform.io/hashicorp/aws\"]",
      "instances": [
        {
          "schema_version": 0,
          "attributes": {
            "arn": "arn:aws:ec2:us-east-1:973795184365:route-table/rtb-0d32bc57f02e62ede",
            "id": "rtb-0d32bc57f02e62ede",
            "owner_id": "973795184365",
            "propagating_vgws": [],
            "route": [
              {
                "carrier_gateway_id": "",
                "cidr_block": "0.0.0.0/0",
                "destination_prefix_list_id": "",
                "egress_only_gateway_id": "",
                "gateway_id": "igw-02f697e061c2c695b",
                "instance_id": "",
                "ipv6_cidr_block": "",
                "local_gateway_id": "",
                "nat_gateway_id": "",
                "network_interface_id": "",
                "transit_gateway_id": "",
                "vpc_endpoint_id": "",
                "vpc_peering_connection_id": ""
              }
            ],
            "tags": {
              "CreatedAt": "2021-05-13",
              "ManagedBy": "Terraform",
              "Name": "Terraform Public",
              "Owner": "AWS Devops",
              "Project": "AWS com Terraform",
              "Service": "Interview"
            },
            "tags_all": {
              "CreatedAt": "2021-05-13",
              "ManagedBy": "Terraform",
              "Name": "Terraform Public",
              "Owner": "AWS Devops",
              "Project": "AWS com Terraform",
              "Service": "Interview"
            },
            "vpc_id": "vpc-0aa79d6a9332f0d55"
          },
          "sensitive_attributes": [],
          "private": "bnVsbA==",
          "dependencies": [
            "aws_internet_gateway.this",
            "aws_vpc.this"
          ]
        }
      ]
    },
    {
      "mode": "managed",
      "type": "aws_route_table_association",
      "name": "this",
      "provider": "provider[\"registry.terraform.io/hashicorp/aws\"]",
      "instances": [
        {
          "index_key": "Private A",
          "schema_version": 0,
          "attributes": {
            "gateway_id": null,
            "id": "rtbassoc-083016c08b90fe8cd",
            "route_table_id": "rtb-02b7d019572282f75",
            "subnet_id": "subnet-05b2c111d52e00db4"
          },
          "sensitive_attributes": [],
          "private": "bnVsbA==",
          "dependencies": [
            "aws_internet_gateway.this",
            "aws_route_table.private",
            "aws_route_table.public",
            "aws_subnet.this",
            "aws_vpc.this"
          ]
        },
        {
          "index_key": "Private B",
          "schema_version": 0,
          "attributes": {
            "gateway_id": null,
            "id": "rtbassoc-0bc3067ebdfaf600f",
            "route_table_id": "rtb-02b7d019572282f75",
            "subnet_id": "subnet-07f0e825b1bac5a15"
          },
          "sensitive_attributes": [],
          "private": "bnVsbA==",
          "dependencies": [
            "aws_internet_gateway.this",
            "aws_route_table.private",
            "aws_route_table.public",
            "aws_subnet.this",
            "aws_vpc.this"
          ]
        },
        {
          "index_key": "Public A",
          "schema_version": 0,
          "attributes": {
            "gateway_id": null,
            "id": "rtbassoc-081f890a3b5756afb",
            "route_table_id": "rtb-0d32bc57f02e62ede",
            "subnet_id": "subnet-0788441b156478796"
          },
          "sensitive_attributes": [],
          "private": "bnVsbA==",
          "dependencies": [
            "aws_internet_gateway.this",
            "aws_route_table.private",
            "aws_route_table.public",
            "aws_subnet.this",
            "aws_vpc.this"
          ]
        },
        {
          "index_key": "Public B",
          "schema_version": 0,
          "attributes": {
            "gateway_id": null,
            "id": "rtbassoc-089ca82ca1eb7d9d3",
            "route_table_id": "rtb-0d32bc57f02e62ede",
            "subnet_id": "subnet-0661440f1ce3ae350"
          },
          "sensitive_attributes": [],
          "private": "bnVsbA==",
          "dependencies": [
            "aws_internet_gateway.this",
            "aws_route_table.private",
            "aws_route_table.public",
            "aws_subnet.this",
            "aws_vpc.this"
          ]
        }
      ]
    },
    {
      "mode": "managed",
      "type": "aws_security_group",
      "name": "alb",
      "provider": "provider[\"registry.terraform.io/hashicorp/aws\"]",
      "instances": [
        {
          "schema_version": 1,
          "attributes": {
            "arn": "arn:aws:ec2:us-east-1:973795184365:security-group/sg-04868465370fbcb04",
            "description": "Load Balancer SG",
            "egress": [
              {
                "cidr_blocks": [
                  "0.0.0.0/0"
                ],
                "description": "",
                "from_port": 0,
                "ipv6_cidr_blocks": [],
                "prefix_list_ids": [],
                "protocol": "-1",
                "security_groups": [],
                "self": false,
                "to_port": 0
              }
            ],
            "id": "sg-04868465370fbcb04",
            "ingress": [
              {
                "cidr_blocks": [
                  "0.0.0.0/0"
                ],
                "description": "",
                "from_port": 80,
                "ipv6_cidr_blocks": [],
                "prefix_list_ids": [],
                "protocol": "tcp",
                "security_groups": [],
                "self": false,
                "to_port": 80
              }
            ],
            "name": "ALB-SG",
            "name_prefix": "",
            "owner_id": "973795184365",
            "revoke_rules_on_delete": false,
            "tags": {
              "CreatedAt": "2021-05-13",
              "ManagedBy": "Terraform",
              "Name": "Load Balancer",
              "Owner": "AWS Devops",
              "Project": "AWS com Terraform",
              "Service": "Interview"
            },
            "tags_all": {
              "CreatedAt": "2021-05-13",
              "ManagedBy": "Terraform",
              "Name": "Load Balancer",
              "Owner": "AWS Devops",
              "Project": "AWS com Terraform",
              "Service": "Interview"
            },
            "timeouts": null,
            "vpc_id": "vpc-0aa79d6a9332f0d55"
          },
          "sensitive_attributes": [],
          "private": "eyJlMmJmYjczMC1lY2FhLTExZTYtOGY4OC0zNDM2M2JjN2M0YzAiOnsiY3JlYXRlIjo2MDAwMDAwMDAwMDAsImRlbGV0ZSI6OTAwMDAwMDAwMDAwfSwic2NoZW1hX3ZlcnNpb24iOiIxIn0=",
          "dependencies": [
            "aws_vpc.this"
          ]
        }
      ]
    },
    {
      "mode": "managed",
      "type": "aws_security_group",
      "name": "autoscaling",
      "provider": "provider[\"registry.terraform.io/hashicorp/aws\"]",
      "instances": [
        {
          "schema_version": 1,
          "attributes": {
            "arn": "arn:aws:ec2:us-east-1:973795184365:security-group/sg-0441586247b5f4d49",
            "description": "Security group that allows ssh/http and all egress traffic",
            "egress": [
              {
                "cidr_blocks": [
                  "0.0.0.0/0"
                ],
                "description": "",
                "from_port": 0,
                "ipv6_cidr_blocks": [],
                "prefix_list_ids": [],
                "protocol": "-1",
                "security_groups": [],
                "self": false,
                "to_port": 0
              }
            ],
            "id": "sg-0441586247b5f4d49",
            "ingress": [
              {
                "cidr_blocks": [
                  "0.0.0.0/0"
                ],
                "description": "",
                "from_port": 22,
                "ipv6_cidr_blocks": [],
                "prefix_list_ids": [],
                "protocol": "tcp",
                "security_groups": [],
                "self": false,
                "to_port": 22
              },
              {
                "cidr_blocks": [],
                "description": "",
                "from_port": 80,
                "ipv6_cidr_blocks": [],
                "prefix_list_ids": [],
                "protocol": "tcp",
                "security_groups": [
                  "sg-04868465370fbcb04"
                ],
                "self": false,
                "to_port": 80
              }
            ],
            "name": "autoscaling",
            "name_prefix": "",
            "owner_id": "973795184365",
            "revoke_rules_on_delete": false,
            "tags": {
              "CreatedAt": "2021-05-13",
              "ManagedBy": "Terraform",
              "Name": "Auto Scaling",
              "Owner": "AWS Devops",
              "Project": "AWS com Terraform",
              "Service": "Interview"
            },
            "tags_all": {
              "CreatedAt": "2021-05-13",
              "ManagedBy": "Terraform",
              "Name": "Auto Scaling",
              "Owner": "AWS Devops",
              "Project": "AWS com Terraform",
              "Service": "Interview"
            },
            "timeouts": null,
            "vpc_id": "vpc-0aa79d6a9332f0d55"
          },
          "sensitive_attributes": [],
          "private": "eyJlMmJmYjczMC1lY2FhLTExZTYtOGY4OC0zNDM2M2JjN2M0YzAiOnsiY3JlYXRlIjo2MDAwMDAwMDAwMDAsImRlbGV0ZSI6OTAwMDAwMDAwMDAwfSwic2NoZW1hX3ZlcnNpb24iOiIxIn0=",
          "dependencies": [
            "aws_security_group.alb",
            "aws_vpc.this"
          ]
        }
      ]
    },
    {
      "mode": "managed",
      "type": "aws_security_group",
      "name": "web",
      "provider": "provider[\"registry.terraform.io/hashicorp/aws\"]",
      "instances": [
        {
          "schema_version": 1,
          "attributes": {
            "arn": "arn:aws:ec2:us-east-1:973795184365:security-group/sg-08b49ccc1f8b31719",
            "description": "Allow public inbound traffic",
            "egress": [],
            "id": "sg-08b49ccc1f8b31719",
            "ingress": [
              {
                "cidr_blocks": [
                  "0.0.0.0/0"
                ],
                "description": "",
                "from_port": -1,
                "ipv6_cidr_blocks": [],
                "prefix_list_ids": [],
                "protocol": "icmp",
                "security_groups": [],
                "self": false,
                "to_port": -1
              },
              {
                "cidr_blocks": [
                  "0.0.0.0/0"
                ],
                "description": "",
                "from_port": 443,
                "ipv6_cidr_blocks": [],
                "prefix_list_ids": [],
                "protocol": "tcp",
                "security_groups": [],
                "self": false,
                "to_port": 443
              },
              {
                "cidr_blocks": [
                  "0.0.0.0/0"
                ],
                "description": "",
                "from_port": 80,
                "ipv6_cidr_blocks": [],
                "prefix_list_ids": [],
                "protocol": "tcp",
                "security_groups": [],
                "self": false,
                "to_port": 80
              }
            ],
            "name": "Web",
            "name_prefix": "",
            "owner_id": "973795184365",
            "revoke_rules_on_delete": false,
            "tags": {
              "CreatedAt": "2021-05-13",
              "ManagedBy": "Terraform",
              "Name": "Web Server",
              "Owner": "AWS Devops",
              "Project": "AWS com Terraform",
              "Service": "Interview"
            },
            "tags_all": {
              "CreatedAt": "2021-05-13",
              "ManagedBy": "Terraform",
              "Name": "Web Server",
              "Owner": "AWS Devops",
              "Project": "AWS com Terraform",
              "Service": "Interview"
            },
            "timeouts": null,
            "vpc_id": "vpc-0aa79d6a9332f0d55"
          },
          "sensitive_attributes": [],
          "private": "eyJlMmJmYjczMC1lY2FhLTExZTYtOGY4OC0zNDM2M2JjN2M0YzAiOnsiY3JlYXRlIjo2MDAwMDAwMDAwMDAsImRlbGV0ZSI6OTAwMDAwMDAwMDAwfSwic2NoZW1hX3ZlcnNpb24iOiIxIn0=",
          "dependencies": [
            "aws_vpc.this"
          ]
        }
      ]
    },
    {
      "mode": "managed",
      "type": "aws_subnet",
      "name": "this",
      "provider": "provider[\"registry.terraform.io/hashicorp/aws\"]",
      "instances": [
        {
          "index_key": "pub_a",
          "schema_version": 1,
          "attributes": {
            "arn": "arn:aws:ec2:us-east-1:973795184365:subnet/subnet-0788441b156478796",
            "assign_ipv6_address_on_creation": false,
            "availability_zone": "us-east-1a",
            "availability_zone_id": "use1-az4",
            "cidr_block": "192.168.1.0/24",
            "customer_owned_ipv4_pool": "",
            "id": "subnet-0788441b156478796",
            "ipv6_cidr_block": "",
            "ipv6_cidr_block_association_id": "",
            "map_customer_owned_ip_on_launch": false,
            "map_public_ip_on_launch": false,
            "outpost_arn": "",
            "owner_id": "973795184365",
            "tags": {
              "CreatedAt": "2021-05-13",
              "ManagedBy": "Terraform",
              "Name": "Public A",
              "Owner": "AWS Devops",
              "Project": "AWS com Terraform",
              "Service": "Interview"
            },
            "tags_all": {
              "CreatedAt": "2021-05-13",
              "ManagedBy": "Terraform",
              "Name": "Public A",
              "Owner": "AWS Devops",
              "Project": "AWS com Terraform",
              "Service": "Interview"
            },
            "timeouts": null,
            "vpc_id": "vpc-0aa79d6a9332f0d55"
          },
          "sensitive_attributes": [],
          "private": "eyJlMmJmYjczMC1lY2FhLTExZTYtOGY4OC0zNDM2M2JjN2M0YzAiOnsiY3JlYXRlIjo2MDAwMDAwMDAwMDAsImRlbGV0ZSI6MTIwMDAwMDAwMDAwMH0sInNjaGVtYV92ZXJzaW9uIjoiMSJ9",
          "dependencies": [
            "aws_vpc.this"
          ]
        },
        {
          "index_key": "pub_b",
          "schema_version": 1,
          "attributes": {
            "arn": "arn:aws:ec2:us-east-1:973795184365:subnet/subnet-0661440f1ce3ae350",
            "assign_ipv6_address_on_creation": false,
            "availability_zone": "us-east-1b",
            "availability_zone_id": "use1-az6",
            "cidr_block": "192.168.2.0/24",
            "customer_owned_ipv4_pool": "",
            "id": "subnet-0661440f1ce3ae350",
            "ipv6_cidr_block": "",
            "ipv6_cidr_block_association_id": "",
            "map_customer_owned_ip_on_launch": false,
            "map_public_ip_on_launch": false,
            "outpost_arn": "",
            "owner_id": "973795184365",
            "tags": {
              "CreatedAt": "2021-05-13",
              "ManagedBy": "Terraform",
              "Name": "Public B",
              "Owner": "AWS Devops",
              "Project": "AWS com Terraform",
              "Service": "Interview"
            },
            "tags_all": {
              "CreatedAt": "2021-05-13",
              "ManagedBy": "Terraform",
              "Name": "Public B",
              "Owner": "AWS Devops",
              "Project": "AWS com Terraform",
              "Service": "Interview"
            },
            "timeouts": null,
            "vpc_id": "vpc-0aa79d6a9332f0d55"
          },
          "sensitive_attributes": [],
          "private": "eyJlMmJmYjczMC1lY2FhLTExZTYtOGY4OC0zNDM2M2JjN2M0YzAiOnsiY3JlYXRlIjo2MDAwMDAwMDAwMDAsImRlbGV0ZSI6MTIwMDAwMDAwMDAwMH0sInNjaGVtYV92ZXJzaW9uIjoiMSJ9",
          "dependencies": [
            "aws_vpc.this"
          ]
        },
        {
          "index_key": "pvt_a",
          "schema_version": 1,
          "attributes": {
            "arn": "arn:aws:ec2:us-east-1:973795184365:subnet/subnet-05b2c111d52e00db4",
            "assign_ipv6_address_on_creation": false,
            "availability_zone": "us-east-1a",
            "availability_zone_id": "use1-az4",
            "cidr_block": "192.168.3.0/24",
            "customer_owned_ipv4_pool": "",
            "id": "subnet-05b2c111d52e00db4",
            "ipv6_cidr_block": "",
            "ipv6_cidr_block_association_id": "",
            "map_customer_owned_ip_on_launch": false,
            "map_public_ip_on_launch": false,
            "outpost_arn": "",
            "owner_id": "973795184365",
            "tags": {
              "CreatedAt": "2021-05-13",
              "ManagedBy": "Terraform",
              "Name": "Private A",
              "Owner": "AWS Devops",
              "Project": "AWS com Terraform",
              "Service": "Interview"
            },
            "tags_all": {
              "CreatedAt": "2021-05-13",
              "ManagedBy": "Terraform",
              "Name": "Private A",
              "Owner": "AWS Devops",
              "Project": "AWS com Terraform",
              "Service": "Interview"
            },
            "timeouts": null,
            "vpc_id": "vpc-0aa79d6a9332f0d55"
          },
          "sensitive_attributes": [],
          "private": "eyJlMmJmYjczMC1lY2FhLTExZTYtOGY4OC0zNDM2M2JjN2M0YzAiOnsiY3JlYXRlIjo2MDAwMDAwMDAwMDAsImRlbGV0ZSI6MTIwMDAwMDAwMDAwMH0sInNjaGVtYV92ZXJzaW9uIjoiMSJ9",
          "dependencies": [
            "aws_vpc.this"
          ]
        },
        {
          "index_key": "pvt_b",
          "schema_version": 1,
          "attributes": {
            "arn": "arn:aws:ec2:us-east-1:973795184365:subnet/subnet-07f0e825b1bac5a15",
            "assign_ipv6_address_on_creation": false,
            "availability_zone": "us-east-1b",
            "availability_zone_id": "use1-az6",
            "cidr_block": "192.168.4.0/24",
            "customer_owned_ipv4_pool": "",
            "id": "subnet-07f0e825b1bac5a15",
            "ipv6_cidr_block": "",
            "ipv6_cidr_block_association_id": "",
            "map_customer_owned_ip_on_launch": false,
            "map_public_ip_on_launch": false,
            "outpost_arn": "",
            "owner_id": "973795184365",
            "tags": {
              "CreatedAt": "2021-05-13",
              "ManagedBy": "Terraform",
              "Name": "Private B",
              "Owner": "AWS Devops",
              "Project": "AWS com Terraform",
              "Service": "Interview"
            },
            "tags_all": {
              "CreatedAt": "2021-05-13",
              "ManagedBy": "Terraform",
              "Name": "Private B",
              "Owner": "AWS Devops",
              "Project": "AWS com Terraform",
              "Service": "Interview"
            },
            "timeouts": null,
            "vpc_id": "vpc-0aa79d6a9332f0d55"
          },
          "sensitive_attributes": [],
          "private": "eyJlMmJmYjczMC1lY2FhLTExZTYtOGY4OC0zNDM2M2JjN2M0YzAiOnsiY3JlYXRlIjo2MDAwMDAwMDAwMDAsImRlbGV0ZSI6MTIwMDAwMDAwMDAwMH0sInNjaGVtYV92ZXJzaW9uIjoiMSJ9",
          "dependencies": [
            "aws_vpc.this"
          ]
        }
      ]
    },
    {
      "mode": "managed",
      "type": "aws_vpc",
      "name": "this",
      "provider": "provider[\"registry.terraform.io/hashicorp/aws\"]",
      "instances": [
        {
          "schema_version": 1,
          "attributes": {
            "arn": "arn:aws:ec2:us-east-1:973795184365:vpc/vpc-0aa79d6a9332f0d55",
            "assign_generated_ipv6_cidr_block": false,
            "cidr_block": "192.168.0.0/16",
            "default_network_acl_id": "acl-0ebddef37f321e41c",
            "default_route_table_id": "rtb-079b7516fa3314e8c",
            "default_security_group_id": "sg-03ded99041d110d67",
            "dhcp_options_id": "dopt-79526703",
            "enable_classiclink": false,
            "enable_classiclink_dns_support": false,
            "enable_dns_hostnames": false,
            "enable_dns_support": true,
            "id": "vpc-0aa79d6a9332f0d55",
            "instance_tenancy": "default",
            "ipv6_association_id": "",
            "ipv6_cidr_block": "",
            "main_route_table_id": "rtb-079b7516fa3314e8c",
            "owner_id": "973795184365",
            "tags": {
              "CreatedAt": "2021-05-13",
              "ManagedBy": "Terraform",
              "Name": "Terraform VPC ",
              "Owner": "AWS Devops",
              "Project": "AWS com Terraform",
              "Service": "Interview"
            },
            "tags_all": {
              "CreatedAt": "2021-05-13",
              "ManagedBy": "Terraform",
              "Name": "Terraform VPC ",
              "Owner": "AWS Devops",
              "Project": "AWS com Terraform",
              "Service": "Interview"
            }
          },
          "sensitive_attributes": [],
          "private": "eyJzY2hlbWFfdmVyc2lvbiI6IjEifQ=="
        }
      ]
    },
    {
      "mode": "managed",
      "type": "tls_private_key",
      "name": "ec2_private_key",
      "provider": "provider[\"registry.terraform.io/hashicorp/tls\"]",
      "instances": [
        {
          "schema_version": 0,
          "attributes": {
            "algorithm": "RSA",
            "ecdsa_curve": "P224",
            "id": "1d17c50b4b78caefb6c453a12a0e16f4000da9ac",
            "private_key_pem": "-----BEGIN RSA PRIVATE KEY-----\nMIIJKAIBAAKCAgEAv0en98+mvonRwWWp/2TsB/V08riMMXk1BrEjupj0zNtLDYwo\nhbaCtwOuKLN6PHnwk7tkOSF+67ft1uEPNZqAUSTLaRGH0eQ8wK5WW1hcQsaY0kZ3\nu1fHEBTIlLgohpZNG1f0p1vyMubyy2mNbswb5WTyjrki0taSOkW/tSXoJkXx0wn/\nmxGuc+mXR81d9+J3nOUhz+teqoB/wPtLaLCZxVb1z8/wY+QiPqRUj/cNrQe2EEqh\nMzYjQ3Zl8JkkN31EUNmJ6IfSUCwF2yik38q5Zd/Aky5MFLKeBwuTY1QmdenAVppl\ndj0XjPWefhS+7nGk3jiNkG3kYSBeOlxss10u2r9byuw8K56J+i80sUNMowS+/38i\nTY4bQiiqPlnmGQS3U2m2wBAwqMPS3OF/HgYSqNMq+15JXdBXkC72Iq622QiKLHUs\n/aOuhw6RydCZW9YFocij2DjwliyMTT2tBS32WZvIMX7qbLctrrHhfcjWDjulMqBd\nGtNBrKTsb4YgKvNPpP7E+qk+Oh+U0/fCQTbtKwXKh8FMShKeMxGcAxU5bIFdcTS/\n234oqt4qoQnWBIj6IyG6GdAHFeJ5jHet0PMTk6fWZ7wqdBLZ0i/0j2xYI92+KuBr\nL6cd6VHLSCueyRi2hJmob1jgN+9hClrafUF+6C7EjQAWVoXsS0fLgeKldrcCAwEA\nAQKCAgAkJQY4baS0nJZmVS+qcwem+VsAAp97OcwrV43I1N5tV4L3LGT732ET9D4U\nstWGWAR95gsqQIobQMZQtHaLSoa0zp8hW46uutJAFrF60VedxqlaErbNT+jtwP+m\nGqaNyBkJ8bTpaxZ5R+rZRTjUlv0ue8TZ82IBNUqseEGhmWgk01K+7kS+qLiubpWH\nm+cF0GWJ4EJjZ7abwWxiqxm0zqpAAA6zFjf2qEVQUP0ptyV+bNaafX+4jaJcPSNG\nM6oEUkd2f6Tvq7qyK59vql59a3FdLsrVBQqbXqU975IKUvxxi5osw0Ao96JboI4y\nhPkPVaox073sbNebAuLLZGul+RXBLIK+LW1csoc+mCALBAH1Mrd8OgqFCpFIOSjI\nKIjOYrkIgzU0i0TH5gbRHNc/bPOazGTuyY+vtXBJZd/Kijb3iHhJFwb3iKozINVp\ncPVrie6jK/UStzLULMvA+EOHihRmDa/rY9k3GemlIu7gFdwl9CEMrJL5OYe18rvS\nXAoAjum5AW4umW0RmJP0thdGXlNHBRg3viT8ZUone6iHQXJ9eenEdTXYpGMhfN7G\n033A1i19XouL3ipyTElXjrmLawDAFl/DIudPF0rWacep/I3BY2vfLe+bLz4OjEJ+\nPlGPOCw1TOri/TTxl7riXG5OKhBxRhjk5Rhirsws2CkujaVjAQKCAQEA2UQ75XaF\nsF2S7Ip/UqltdhJENZ5yLy+nRFUcqE1QAEVf+aTi2umLQt6ncxP1arPiOGwodlLL\naMGzWIb45JAibwzvzqVnwQvMLhEQ8HAcXJ1A1Cyw/0VMytfM7Kn27MWSrhJbCqyw\n8QHNgkCJNOjj0afv2ppgK5MH83lzlsu93mSMnyI5GP74HrdZh/qDJ4NbnZMS9pVE\n8wzT6W7aaODIV4Zpx8lxJsrT4zZDP1WuhC7bDTraXPXgYLKpR0z3jtJ2cOpKxPsu\n72ioh7Dc9+NKGYXznWQLubjkPT7w3CQvPzKVhCiH42SpYb+u4JhkFLBfFYGiqxcT\nAcqVOHHHDnk3lQKCAQEA4WFs9KxNSrOoGa4ZYXxSPGL/DynpfONHU8Y4fPzb9mZ5\nI2ITcPNexMi7o9PAqjD44N6s5qv2L1uswGoxhVL/YEX4MxjQb3/B7OUOvSAPMr9s\n+UGZaS6wlU2vMybH2r4BGOo9PT3WgAmAWOO0UIgK/LJ+r/BArkchK3WGWzqyr38b\nc1UHhmoHA2V45+zcCuoHysuygq3fNJm1CBfuQVAQZJBIRg1IEAMXzqDw7XdQ+en3\nyjmTQlEIt3LMM1UQM7ahsqAsyVNH0Df9knmICCQwuq87W9v0Ur5eK1kwQ+ghQXcW\nQSeYksFeqdEbfeH2Rfj3w7fF/bxKpOZEMUsJvJuyGwKCAQBl+mIGxUfgzTsOLb+v\nY/kN52r+o91CiqJ/L1fhI1C+n9F5kswsJlyISYvdNuwFZmNzSkj/qMLy66ArmEaw\nuXqAF1lj7D0z3j67DKWfxW96hRENxeBaIQP3Xa1BFFHjNqUvcUwsSXxP0yHL1lDQ\nddOg76tkNvuW2E9uF36KtBztitJ6Swzzz5FUkYjDi3EOFdjlsEfBV7TiRA4fTjnT\n6lX+xwdVkBa9N4yW5DxSOPxN7NRCdHJUGdB0cseDwPudnOmc/EuWA7Q3CS+5aOl+\nrL92FWqQYIokZUUz/hv9qDpI9ow5WPDXacMbL2Z84upuz44BwTRCC/WO7LB3qufc\nwka1AoIBAQCdQRwDr8ESMT5GBLrC0TqT1cL/MpAuSmp3ImRBmTBkwOUe8gx8j+J8\nzU5XJaVVWmwcgmIDZNKWApILg0zgKKP06X0fMd4lHfASOVRKU3cnQndnhwTiZehh\nlF19BD8H+fDMEIwAEgh7N6Xs35vtYK7B2E0atzh6ITkcmJjRSKhqWPavRxHEEHCq\nRv/QWuzBVL9xGSWJloWZrvGoHwJnYdS+RgmXjybLvUy8KIFSPyEp7rysxfVgnSfG\nz/t4iY6PdotmFeqJ4mjF+Hsd21w1ygKSDzgMhPD5Vshf2JAboXiqs8u8VENZikBh\nnnxfHe12rxs43R3xR5KRcfT8q820YrInAoIBACrsKYvKY7hW7VDJon7U8wasXg9+\nCwvpVQVy+MuXKPhKDOeUAUNhyKA2XSXryYtwVjG3p5X4k1ELKHlcgHRhWcStUJ+e\nqWCO1+oHst2DqMhaUeVJgXMmS27efZ+utrnwDRs1QdB13YC5wLQsyjePw1/wgqEu\nGhdpaAVCKjBxGmECQMNAVirOxQPhWag5fYFiJkfkGZQ8yz6uhXK7r0FkbzitGUZR\nhE1M/MehfISMlz307FrlKq5VdETTC+uRY94CJ9mU5qr+tgTZRQ3/87XwdMwCOGiQ\ntC1so2uW8hWD35N9Kr77CWb4TrQGTpx2xfM7iWdYhBT2mWgqOeVirvUXhnY=\n-----END RSA PRIVATE KEY-----\n",
            "public_key_fingerprint_md5": "03:2e:3f:e8:68:63:28:e2:b3:a9:9f:2f:e7:9e:8c:65",
            "public_key_openssh": "ssh-rsa AAAAB3NzaC1yc2EAAAADAQABAAACAQC/R6f3z6a+idHBZan/ZOwH9XTyuIwxeTUGsSO6mPTM20sNjCiFtoK3A64os3o8efCTu2Q5IX7rt+3W4Q81moBRJMtpEYfR5DzArlZbWFxCxpjSRne7V8cQFMiUuCiGlk0bV/SnW/Iy5vLLaY1uzBvlZPKOuSLS1pI6Rb+1JegmRfHTCf+bEa5z6ZdHzV334nec5SHP616qgH/A+0tosJnFVvXPz/Bj5CI+pFSP9w2tB7YQSqEzNiNDdmXwmSQ3fURQ2Ynoh9JQLAXbKKTfyrll38CTLkwUsp4HC5NjVCZ16cBWmmV2PReM9Z5+FL7ucaTeOI2QbeRhIF46XGyzXS7av1vK7Dwrnon6LzSxQ0yjBL7/fyJNjhtCKKo+WeYZBLdTabbAEDCow9Lc4X8eBhKo0yr7Xkld0FeQLvYirrbZCIosdSz9o66HDpHJ0Jlb1gWhyKPYOPCWLIxNPa0FLfZZm8gxfupsty2useF9yNYOO6UyoF0a00GspOxvhiAq80+k/sT6qT46H5TT98JBNu0rBcqHwUxKEp4zEZwDFTlsgV1xNL/bfiiq3iqhCdYEiPojIboZ0AcV4nmMd63Q8xOTp9ZnvCp0EtnSL/SPbFgj3b4q4Gsvpx3pUctIK57JGLaEmahvWOA372EKWtp9QX7oLsSNABZWhexLR8uB4qV2tw==\n",
            "public_key_pem": "-----BEGIN PUBLIC KEY-----\nMIICIjANBgkqhkiG9w0BAQEFAAOCAg8AMIICCgKCAgEAv0en98+mvonRwWWp/2Ts\nB/V08riMMXk1BrEjupj0zNtLDYwohbaCtwOuKLN6PHnwk7tkOSF+67ft1uEPNZqA\nUSTLaRGH0eQ8wK5WW1hcQsaY0kZ3u1fHEBTIlLgohpZNG1f0p1vyMubyy2mNbswb\n5WTyjrki0taSOkW/tSXoJkXx0wn/mxGuc+mXR81d9+J3nOUhz+teqoB/wPtLaLCZ\nxVb1z8/wY+QiPqRUj/cNrQe2EEqhMzYjQ3Zl8JkkN31EUNmJ6IfSUCwF2yik38q5\nZd/Aky5MFLKeBwuTY1QmdenAVppldj0XjPWefhS+7nGk3jiNkG3kYSBeOlxss10u\n2r9byuw8K56J+i80sUNMowS+/38iTY4bQiiqPlnmGQS3U2m2wBAwqMPS3OF/HgYS\nqNMq+15JXdBXkC72Iq622QiKLHUs/aOuhw6RydCZW9YFocij2DjwliyMTT2tBS32\nWZvIMX7qbLctrrHhfcjWDjulMqBdGtNBrKTsb4YgKvNPpP7E+qk+Oh+U0/fCQTbt\nKwXKh8FMShKeMxGcAxU5bIFdcTS/234oqt4qoQnWBIj6IyG6GdAHFeJ5jHet0PMT\nk6fWZ7wqdBLZ0i/0j2xYI92+KuBrL6cd6VHLSCueyRi2hJmob1jgN+9hClrafUF+\n6C7EjQAWVoXsS0fLgeKldrcCAwEAAQ==\n-----END PUBLIC KEY-----\n",
            "rsa_bits": 4096
          },
          "sensitive_attributes": [],
          "private": "bnVsbA=="
        }
      ]
    },
    {
      "module": "module.key_pair",
      "mode": "managed",
      "type": "aws_key_pair",
      "name": "this",
      "provider": "provider[\"registry.terraform.io/hashicorp/aws\"]",
      "instances": [
        {
          "index_key": 0,
          "schema_version": 1,
          "attributes": {
            "arn": "arn:aws:ec2:us-east-1:973795184365:key-pair/access_user_key",
            "fingerprint": "35:98:b0:20:73:6e:cf:cc:68:bc:2b:14:f5:3a:53:71",
            "id": "access_user_key",
            "key_name": "access_user_key",
            "key_name_prefix": null,
            "key_pair_id": "key-00313a296521286ad",
            "public_key": "ssh-rsa AAAAB3NzaC1yc2EAAAADAQABAAACAQC/R6f3z6a+idHBZan/ZOwH9XTyuIwxeTUGsSO6mPTM20sNjCiFtoK3A64os3o8efCTu2Q5IX7rt+3W4Q81moBRJMtpEYfR5DzArlZbWFxCxpjSRne7V8cQFMiUuCiGlk0bV/SnW/Iy5vLLaY1uzBvlZPKOuSLS1pI6Rb+1JegmRfHTCf+bEa5z6ZdHzV334nec5SHP616qgH/A+0tosJnFVvXPz/Bj5CI+pFSP9w2tB7YQSqEzNiNDdmXwmSQ3fURQ2Ynoh9JQLAXbKKTfyrll38CTLkwUsp4HC5NjVCZ16cBWmmV2PReM9Z5+FL7ucaTeOI2QbeRhIF46XGyzXS7av1vK7Dwrnon6LzSxQ0yjBL7/fyJNjhtCKKo+WeYZBLdTabbAEDCow9Lc4X8eBhKo0yr7Xkld0FeQLvYirrbZCIosdSz9o66HDpHJ0Jlb1gWhyKPYOPCWLIxNPa0FLfZZm8gxfupsty2useF9yNYOO6UyoF0a00GspOxvhiAq80+k/sT6qT46H5TT98JBNu0rBcqHwUxKEp4zEZwDFTlsgV1xNL/bfiiq3iqhCdYEiPojIboZ0AcV4nmMd63Q8xOTp9ZnvCp0EtnSL/SPbFgj3b4q4Gsvpx3pUctIK57JGLaEmahvWOA372EKWtp9QX7oLsSNABZWhexLR8uB4qV2tw==",
            "tags": null,
            "tags_all": {}
          },
          "sensitive_attributes": [],
          "private": "eyJzY2hlbWFfdmVyc2lvbiI6IjEifQ==",
          "dependencies": [
            "tls_private_key.ec2_private_key"
          ]
        }
      ]
    }
  ]
}
