{
  "version": 4,
  "terraform_version": "0.15.3",
  "serial": 274,
  "lineage": "a5ebb2cb-fde3-b56a-a994-d8dd4285e935",
  "outputs": {
    "alb_id": {
      "value": "arn:aws:elasticloadbalancing:us-east-1:973795184365:loadbalancer/app/Terraform-ALB/d0c28259fd74e3fc",
      "type": "string"
    },
    "igw_id": {
      "value": "igw-08c121b287871259b",
      "type": "string"
    },
    "private_route_table_id": {
      "value": "rtb-061929e088b2d5176",
      "type": "string"
    },
    "public_route_table_id": {
      "value": "rtb-0e3955de6555c7b22",
      "type": "string"
    },
    "route_table_assossiation_ids": {
      "value": [
        "rtbassoc-08dc7dc0fa8846e77",
        "rtbassoc-09baeb9076dc98c6b",
        "rtbassoc-06b6c0e16b2e69833",
        "rtbassoc-01715fa4387cfe53a"
      ],
      "type": [
        "tuple",
        [
          "string",
          "string",
          "string",
          "string"
        ]
      ]
    },
    "sg_alb_id": {
      "value": "sg-082d7508d013326b2",
      "type": "string"
    },
    "subnet_ids": {
      "value": {
        "Private A": "subnet-0d8d629a3316574d8",
        "Private B": "subnet-0f3f65ddc3d01d1ed",
        "Public A": "subnet-0568b4c9a4e67c2f0",
        "Public B": "subnet-02a499c9d4ce68dbc"
      },
      "type": [
        "object",
        {
          "Private A": "string",
          "Private B": "string",
          "Public A": "string",
          "Public B": "string"
        }
      ]
    },
    "vpc_id": {
      "value": "vpc-0dd38b9ef395bd7f4",
      "type": "string"
    }
  },
  "resources": [
    {
      "mode": "data",
      "type": "aws_ami",
      "name": "ubuntu",
      "provider": "provider[\"registry.terraform.io/hashicorp/aws\"]",
      "instances": [
        {
          "schema_version": 0,
          "attributes": {
            "architecture": "x86_64",
            "arn": "arn:aws:ec2:us-east-1::image/ami-095348d25d5081d12",
            "block_device_mappings": [
              {
                "device_name": "/dev/sda1",
                "ebs": {
                  "delete_on_termination": "true",
                  "encrypted": "false",
                  "iops": "0",
                  "snapshot_id": "snap-0c0700bc9e451a103",
                  "throughput": "0",
                  "volume_size": "25",
                  "volume_type": "gp2"
                },
                "no_device": "",
                "virtual_name": ""
              }
            ],
            "creation_date": "2021-05-15T15:05:25.000Z",
            "description": null,
            "ena_support": true,
            "executable_users": null,
            "filter": [
              {
                "name": "architecture",
                "values": [
                  "x86_64"
                ]
              }
            ],
            "hypervisor": "xen",
            "id": "ami-095348d25d5081d12",
            "image_id": "ami-095348d25d5081d12",
            "image_location": "amazon/aws-parallelcluster-2.10.4-ubuntu-1804-lts-hvm-x86_64-202105142101",
            "image_owner_alias": "amazon",
            "image_type": "machine",
            "kernel_id": null,
            "most_recent": true,
            "name": "aws-parallelcluster-2.10.4-ubuntu-1804-lts-hvm-x86_64-202105142101",
            "name_regex": "ubuntu",
            "owner_id": "247102896272",
            "owners": [
              "amazon"
            ],
            "platform": null,
            "platform_details": "Linux/UNIX",
            "product_codes": [],
            "public": true,
            "ramdisk_id": null,
            "root_device_name": "/dev/sda1",
            "root_device_type": "ebs",
            "root_snapshot_id": "snap-0c0700bc9e451a103",
            "sriov_net_support": "simple",
            "state": "available",
            "state_reason": {
              "code": "UNSET",
              "message": "UNSET"
            },
            "tags": {},
            "usage_operation": "RunInstances",
            "virtualization_type": "hvm"
          },
          "sensitive_attributes": []
        }
      ]
    },
    {
      "mode": "managed",
      "type": "aws_autoscaling_group",
      "name": "this",
      "provider": "provider[\"registry.terraform.io/hashicorp/aws\"]",
      "instances": [
        {
          "schema_version": 0,
          "attributes": {
            "arn": "arn:aws:autoscaling:us-east-1:973795184365:autoScalingGroup:2e90109e-f651-49db-aa15-d634f476e3dd:autoScalingGroupName/terraform-autoscaling",
            "availability_zones": [
              "us-east-1a",
              "us-east-1b"
            ],
            "capacity_rebalance": false,
            "default_cooldown": 300,
            "desired_capacity": 1,
            "enabled_metrics": null,
            "force_delete": true,
            "force_delete_warm_pool": false,
            "health_check_grace_period": 240,
            "health_check_type": "ELB",
            "id": "terraform-autoscaling",
            "initial_lifecycle_hook": [],
            "instance_refresh": [],
            "launch_configuration": "",
            "launch_template": [
              {
                "id": "lt-00fc0e9ff1a8cae7a",
                "name": "terraform-20210519220303059300000002",
                "version": "1"
              }
            ],
            "load_balancers": null,
            "max_instance_lifetime": 0,
            "max_size": 3,
            "metrics_granularity": "1Minute",
            "min_elb_capacity": null,
            "min_size": 1,
            "mixed_instances_policy": [],
            "name": "terraform-autoscaling",
            "name_prefix": null,
            "placement_group": "",
            "protect_from_scale_in": false,
            "service_linked_role_arn": "arn:aws:iam::973795184365:role/aws-service-role/autoscaling.amazonaws.com/AWSServiceRoleForAutoScaling",
            "suspended_processes": null,
            "tag": [],
            "tags": null,
            "target_group_arns": [
              "arn:aws:elasticloadbalancing:us-east-1:973795184365:targetgroup/ALB-TG/51265ca54ac10238"
            ],
            "termination_policies": null,
            "timeouts": null,
            "vpc_zone_identifier": [
              "subnet-02a499c9d4ce68dbc",
              "subnet-0568b4c9a4e67c2f0"
            ],
            "wait_for_capacity_timeout": "10m",
            "wait_for_elb_capacity": null,
            "warm_pool": []
          },
          "sensitive_attributes": [],
          "private": "eyJlMmJmYjczMC1lY2FhLTExZTYtOGY4OC0zNDM2M2JjN2M0YzAiOnsiZGVsZXRlIjo2MDAwMDAwMDAwMDB9fQ==",
          "dependencies": [
            "aws_launch_template.this",
            "aws_lb_target_group.this",
            "aws_security_group.alb",
            "aws_security_group.autoscaling",
            "aws_subnet.this",
            "aws_vpc.this",
            "data.aws_ami.ubuntu"
          ]
        }
      ]
    },
    {
      "mode": "managed",
      "type": "aws_autoscaling_policy",
      "name": "scaledown",
      "provider": "provider[\"registry.terraform.io/hashicorp/aws\"]",
      "instances": [
        {
          "schema_version": 0,
          "attributes": {
            "adjustment_type": "ChangeInCapacity",
            "arn": "arn:aws:autoscaling:us-east-1:973795184365:scalingPolicy:d8b9ea4a-3271-4277-96bc-4fcb503327d9:autoScalingGroupName/terraform-autoscaling:policyName/Scale Down",
            "autoscaling_group_name": "terraform-autoscaling",
            "cooldown": 180,
            "estimated_instance_warmup": 0,
            "id": "Scale Down",
            "metric_aggregation_type": "",
            "min_adjustment_magnitude": null,
            "name": "Scale Down",
            "policy_type": "SimpleScaling",
            "scaling_adjustment": -1,
            "step_adjustment": [],
            "target_tracking_configuration": []
          },
          "sensitive_attributes": [],
          "private": "bnVsbA==",
          "dependencies": [
            "aws_autoscaling_group.this",
            "aws_launch_template.this",
            "aws_lb_target_group.this",
            "aws_security_group.alb",
            "aws_security_group.autoscaling",
            "aws_subnet.this",
            "aws_vpc.this",
            "data.aws_ami.ubuntu"
          ]
        }
      ]
    },
    {
      "mode": "managed",
      "type": "aws_autoscaling_policy",
      "name": "scaleup",
      "provider": "provider[\"registry.terraform.io/hashicorp/aws\"]",
      "instances": [
        {
          "schema_version": 0,
          "attributes": {
            "adjustment_type": "ChangeInCapacity",
            "arn": "arn:aws:autoscaling:us-east-1:973795184365:scalingPolicy:f6d65e33-9d25-4e09-9442-b831b38c62c2:autoScalingGroupName/terraform-autoscaling:policyName/Scale Up",
            "autoscaling_group_name": "terraform-autoscaling",
            "cooldown": 180,
            "estimated_instance_warmup": 0,
            "id": "Scale Up",
            "metric_aggregation_type": "",
            "min_adjustment_magnitude": null,
            "name": "Scale Up",
            "policy_type": "SimpleScaling",
            "scaling_adjustment": 1,
            "step_adjustment": [],
            "target_tracking_configuration": []
          },
          "sensitive_attributes": [],
          "private": "bnVsbA==",
          "dependencies": [
            "aws_autoscaling_group.this",
            "aws_launch_template.this",
            "aws_lb_target_group.this",
            "aws_security_group.alb",
            "aws_security_group.autoscaling",
            "aws_subnet.this",
            "aws_vpc.this",
            "data.aws_ami.ubuntu"
          ]
        }
      ]
    },
    {
      "mode": "managed",
      "type": "aws_cloudwatch_metric_alarm",
      "name": "down",
      "provider": "provider[\"registry.terraform.io/hashicorp/aws\"]",
      "instances": [
        {
          "schema_version": 1,
          "attributes": {
            "actions_enabled": true,
            "alarm_actions": [
              "arn:aws:autoscaling:us-east-1:973795184365:scalingPolicy:d8b9ea4a-3271-4277-96bc-4fcb503327d9:autoScalingGroupName/terraform-autoscaling:policyName/Scale Down"
            ],
            "alarm_description": "Scales down an instance when CPU utilization is lesser than 40%",
            "alarm_name": "WEB-ASG Down",
            "arn": "arn:aws:cloudwatch:us-east-1:973795184365:alarm:WEB-ASG Down",
            "comparison_operator": "LessThanOrEqualToThreshold",
            "datapoints_to_alarm": 0,
            "dimensions": {
              "AutoScalingGroupName": "terraform-autoscaling"
            },
            "evaluate_low_sample_count_percentiles": "",
            "evaluation_periods": 1,
            "extended_statistic": "",
            "id": "WEB-ASG Down",
            "insufficient_data_actions": null,
            "metric_name": "CPUUtilization",
            "metric_query": [],
            "namespace": "AWS/EC2",
            "ok_actions": null,
            "period": 60,
            "statistic": "Average",
            "tags": null,
            "tags_all": {},
            "threshold": 40,
            "threshold_metric_id": "",
            "treat_missing_data": "missing",
            "unit": ""
          },
          "sensitive_attributes": [],
          "private": "eyJzY2hlbWFfdmVyc2lvbiI6IjEifQ==",
          "dependencies": [
            "aws_autoscaling_group.this",
            "aws_autoscaling_policy.scaledown",
            "aws_launch_template.this",
            "aws_lb_target_group.this",
            "aws_security_group.alb",
            "aws_security_group.autoscaling",
            "aws_subnet.this",
            "aws_vpc.this",
            "data.aws_ami.ubuntu"
          ]
        }
      ]
    },
    {
      "mode": "managed",
      "type": "aws_cloudwatch_metric_alarm",
      "name": "up",
      "provider": "provider[\"registry.terraform.io/hashicorp/aws\"]",
      "instances": [
        {
          "schema_version": 1,
          "attributes": {
            "actions_enabled": true,
            "alarm_actions": [
              "arn:aws:autoscaling:us-east-1:973795184365:scalingPolicy:f6d65e33-9d25-4e09-9442-b831b38c62c2:autoScalingGroupName/terraform-autoscaling:policyName/Scale Up"
            ],
            "alarm_description": "Scales up an instance when CPU utilization is greater than 30%",
            "alarm_name": "WEB-ASG Up",
            "arn": "arn:aws:cloudwatch:us-east-1:973795184365:alarm:WEB-ASG Up",
            "comparison_operator": "GreaterThanOrEqualToThreshold",
            "datapoints_to_alarm": 0,
            "dimensions": {
              "AutoScalingGroupName": "terraform-autoscaling"
            },
            "evaluate_low_sample_count_percentiles": "",
            "evaluation_periods": 1,
            "extended_statistic": "",
            "id": "WEB-ASG Up",
            "insufficient_data_actions": null,
            "metric_name": "CPUUtilization",
            "metric_query": [],
            "namespace": "AWS/EC2",
            "ok_actions": null,
            "period": 60,
            "statistic": "Average",
            "tags": null,
            "tags_all": {},
            "threshold": 40,
            "threshold_metric_id": "",
            "treat_missing_data": "missing",
            "unit": ""
          },
          "sensitive_attributes": [],
          "private": "eyJzY2hlbWFfdmVyc2lvbiI6IjEifQ==",
          "dependencies": [
            "aws_autoscaling_group.this",
            "aws_autoscaling_policy.scaleup",
            "aws_launch_template.this",
            "aws_lb_target_group.this",
            "aws_security_group.alb",
            "aws_security_group.autoscaling",
            "aws_subnet.this",
            "aws_vpc.this",
            "data.aws_ami.ubuntu"
          ]
        }
      ]
    },
    {
      "mode": "managed",
      "type": "aws_internet_gateway",
      "name": "this",
      "provider": "provider[\"registry.terraform.io/hashicorp/aws\"]",
      "instances": [
        {
          "schema_version": 0,
          "attributes": {
            "arn": "arn:aws:ec2:us-east-1:973795184365:internet-gateway/igw-08c121b287871259b",
            "id": "igw-08c121b287871259b",
            "owner_id": "973795184365",
            "tags": {
              "CreatedAt": "2021-05-13",
              "ManagedBy": "Terraform",
              "Name": "Terraform IGW ",
              "Owner": "AWS Devops",
              "Project": "AWS com Terraform",
              "Service": "Interview"
            },
            "tags_all": {
              "CreatedAt": "2021-05-13",
              "ManagedBy": "Terraform",
              "Name": "Terraform IGW ",
              "Owner": "AWS Devops",
              "Project": "AWS com Terraform",
              "Service": "Interview"
            },
            "vpc_id": "vpc-0dd38b9ef395bd7f4"
          },
          "sensitive_attributes": [],
          "private": "bnVsbA==",
          "dependencies": [
            "aws_vpc.this"
          ]
        }
      ]
    },
    {
      "mode": "managed",
      "type": "aws_launch_template",
      "name": "this",
      "provider": "provider[\"registry.terraform.io/hashicorp/aws\"]",
      "instances": [
        {
          "schema_version": 0,
          "attributes": {
            "arn": "arn:aws:ec2:us-east-1:973795184365:launch-template/lt-00fc0e9ff1a8cae7a",
            "block_device_mappings": [],
            "capacity_reservation_specification": [],
            "cpu_options": [],
            "credit_specification": [],
            "default_version": 1,
            "description": "",
            "disable_api_termination": false,
            "ebs_optimized": "",
            "elastic_gpu_specifications": [],
            "elastic_inference_accelerator": [],
            "enclave_options": [],
            "hibernation_options": [],
            "iam_instance_profile": [],
            "id": "lt-00fc0e9ff1a8cae7a",
            "image_id": "ami-095348d25d5081d12",
            "instance_initiated_shutdown_behavior": "",
            "instance_market_options": [],
            "instance_type": "t2.micro",
            "kernel_id": "",
            "key_name": "access_user_key",
            "latest_version": 1,
            "license_specification": [],
            "metadata_options": [],
            "monitoring": [
              {
                "enabled": true
              }
            ],
            "name": "terraform-20210519220303059300000002",
            "name_prefix": "terraform-",
            "network_interfaces": [
              {
                "associate_carrier_ip_address": "",
                "associate_public_ip_address": "true",
                "delete_on_termination": "true",
                "description": "",
                "device_index": 0,
                "ipv4_address_count": 0,
                "ipv4_addresses": null,
                "ipv6_address_count": 0,
                "ipv6_addresses": null,
                "network_interface_id": "",
                "private_ip_address": "",
                "security_groups": [
                  "sg-06dfa79208352e92f"
                ],
                "subnet_id": ""
              }
            ],
            "placement": [],
            "ram_disk_id": "",
            "security_group_names": null,
            "tag_specifications": [],
            "tags": null,
            "tags_all": {},
            "update_default_version": null,
            "user_data": "IyEvYmluL2Jhc2gKc3VkbyBhcHQtZ2V0IHVwZGF0ZQpzdWRvIGFwdC1nZXQgaW5zdGFsbCAteSBhcGFjaGUyCmVjaG8gJ0hlbGxvIGZyb20gVGVycmFmb3JtJyA+IC92YXIvd3d3L2h0bWwvaW5kZXguaHRtbApzZXJ2aWNlIGh0dHBkIHN0YXJ0CgpzdWRvIGFwdC1nZXQgaW5zdGFsbCAteSBzdHJlc3MtbmcKCiMgc3VkbyBzdHJlc3MtbmcgLS1jcHUgMzIgLS10aW1lb3V0IDE4MCAtLW1ldHJpY3MtYnJpZWYK",
            "vpc_security_group_ids": null
          },
          "sensitive_attributes": [],
          "private": "bnVsbA==",
          "dependencies": [
            "aws_security_group.alb",
            "aws_security_group.autoscaling",
            "aws_vpc.this",
            "data.aws_ami.ubuntu"
          ]
        }
      ]
    },
    {
      "mode": "managed",
      "type": "aws_lb",
      "name": "this",
      "provider": "provider[\"registry.terraform.io/hashicorp/aws\"]",
      "instances": [
        {
          "schema_version": 0,
          "attributes": {
            "access_logs": [
              {
                "bucket": "",
                "enabled": false,
                "prefix": ""
              }
            ],
            "arn": "arn:aws:elasticloadbalancing:us-east-1:973795184365:loadbalancer/app/Terraform-ALB/d0c28259fd74e3fc",
            "arn_suffix": "app/Terraform-ALB/d0c28259fd74e3fc",
            "customer_owned_ipv4_pool": "",
            "dns_name": "Terraform-ALB-1359067916.us-east-1.elb.amazonaws.com",
            "drop_invalid_header_fields": false,
            "enable_cross_zone_load_balancing": null,
            "enable_deletion_protection": false,
            "enable_http2": true,
            "id": "arn:aws:elasticloadbalancing:us-east-1:973795184365:loadbalancer/app/Terraform-ALB/d0c28259fd74e3fc",
            "idle_timeout": 60,
            "internal": false,
            "ip_address_type": "ipv4",
            "load_balancer_type": "application",
            "name": "Terraform-ALB",
            "name_prefix": null,
            "security_groups": [
              "sg-082d7508d013326b2"
            ],
            "subnet_mapping": [
              {
                "allocation_id": "",
                "ipv6_address": "",
                "outpost_id": "",
                "private_ipv4_address": "",
                "subnet_id": "subnet-02a499c9d4ce68dbc"
              },
              {
                "allocation_id": "",
                "ipv6_address": "",
                "outpost_id": "",
                "private_ipv4_address": "",
                "subnet_id": "subnet-0568b4c9a4e67c2f0"
              }
            ],
            "subnets": [
              "subnet-02a499c9d4ce68dbc",
              "subnet-0568b4c9a4e67c2f0"
            ],
            "tags": {
              "CreatedAt": "2021-05-13",
              "ManagedBy": "Terraform",
              "Name": "Terraform ALB",
              "Owner": "AWS Devops",
              "Project": "AWS com Terraform",
              "Service": "Interview"
            },
            "tags_all": {
              "CreatedAt": "2021-05-13",
              "ManagedBy": "Terraform",
              "Name": "Terraform ALB",
              "Owner": "AWS Devops",
              "Project": "AWS com Terraform",
              "Service": "Interview"
            },
            "timeouts": null,
            "vpc_id": "vpc-0dd38b9ef395bd7f4",
            "zone_id": "Z35SXDOTRQ7X7K"
          },
          "sensitive_attributes": [],
          "private": "eyJlMmJmYjczMC1lY2FhLTExZTYtOGY4OC0zNDM2M2JjN2M0YzAiOnsiY3JlYXRlIjo2MDAwMDAwMDAwMDAsImRlbGV0ZSI6NjAwMDAwMDAwMDAwLCJ1cGRhdGUiOjYwMDAwMDAwMDAwMH19",
          "dependencies": [
            "aws_security_group.alb",
            "aws_subnet.this",
            "aws_vpc.this"
          ]
        }
      ]
    },
    {
      "mode": "managed",
      "type": "aws_lb_listener",
      "name": "this",
      "provider": "provider[\"registry.terraform.io/hashicorp/aws\"]",
      "instances": [
        {
          "schema_version": 0,
          "attributes": {
            "alpn_policy": null,
            "arn": "arn:aws:elasticloadbalancing:us-east-1:973795184365:listener/app/Terraform-ALB/d0c28259fd74e3fc/be0ba1ad0a392c15",
            "certificate_arn": null,
            "default_action": [
              {
                "authenticate_cognito": [],
                "authenticate_oidc": [],
                "fixed_response": [],
                "forward": [],
                "order": 1,
                "redirect": [],
                "target_group_arn": "arn:aws:elasticloadbalancing:us-east-1:973795184365:targetgroup/ALB-TG/51265ca54ac10238",
                "type": "forward"
              }
            ],
            "id": "arn:aws:elasticloadbalancing:us-east-1:973795184365:listener/app/Terraform-ALB/d0c28259fd74e3fc/be0ba1ad0a392c15",
            "load_balancer_arn": "arn:aws:elasticloadbalancing:us-east-1:973795184365:loadbalancer/app/Terraform-ALB/d0c28259fd74e3fc",
            "port": 80,
            "protocol": "HTTP",
            "ssl_policy": "",
            "tags": null,
            "tags_all": {},
            "timeouts": null
          },
          "sensitive_attributes": [],
          "private": "eyJlMmJmYjczMC1lY2FhLTExZTYtOGY4OC0zNDM2M2JjN2M0YzAiOnsicmVhZCI6NjAwMDAwMDAwMDAwfX0=",
          "dependencies": [
            "aws_lb.this",
            "aws_lb_target_group.this",
            "aws_security_group.alb",
            "aws_subnet.this",
            "aws_vpc.this"
          ]
        }
      ]
    },
    {
      "mode": "managed",
      "type": "aws_lb_target_group",
      "name": "this",
      "provider": "provider[\"registry.terraform.io/hashicorp/aws\"]",
      "instances": [
        {
          "schema_version": 0,
          "attributes": {
            "arn": "arn:aws:elasticloadbalancing:us-east-1:973795184365:targetgroup/ALB-TG/51265ca54ac10238",
            "arn_suffix": "targetgroup/ALB-TG/51265ca54ac10238",
            "deregistration_delay": 300,
            "health_check": [
              {
                "enabled": true,
                "healthy_threshold": 2,
                "interval": 30,
                "matcher": "200",
                "path": "/",
                "port": "traffic-port",
                "protocol": "HTTP",
                "timeout": 5,
                "unhealthy_threshold": 3
              }
            ],
            "id": "arn:aws:elasticloadbalancing:us-east-1:973795184365:targetgroup/ALB-TG/51265ca54ac10238",
            "lambda_multi_value_headers_enabled": false,
            "load_balancing_algorithm_type": "round_robin",
            "name": "ALB-TG",
            "name_prefix": null,
            "port": 80,
            "preserve_client_ip": null,
            "protocol": "HTTP",
            "protocol_version": "HTTP1",
            "proxy_protocol_v2": false,
            "slow_start": 0,
            "stickiness": [
              {
                "cookie_duration": 86400,
                "enabled": false,
                "type": "lb_cookie"
              }
            ],
            "tags": null,
            "tags_all": {},
            "target_type": "instance",
            "vpc_id": "vpc-0dd38b9ef395bd7f4"
          },
          "sensitive_attributes": [],
          "private": "bnVsbA==",
          "dependencies": [
            "aws_vpc.this"
          ]
        }
      ]
    },
    {
      "mode": "managed",
      "type": "aws_route53_zone",
      "name": "this",
      "provider": "provider[\"registry.terraform.io/hashicorp/aws\"]",
      "instances": [
        {
          "schema_version": 0,
          "attributes": {
            "comment": "Managed by Terraform",
            "delegation_set_id": "",
            "force_destroy": false,
            "id": "Z08197202SYAOKWG6XPEE",
            "name": "ffk07devops.com",
            "name_servers": [
              "ns-1258.awsdns-29.org",
              "ns-1547.awsdns-01.co.uk",
              "ns-315.awsdns-39.com",
              "ns-529.awsdns-02.net"
            ],
            "tags": null,
            "tags_all": {},
            "vpc": [],
            "zone_id": "Z08197202SYAOKWG6XPEE"
          },
          "sensitive_attributes": [],
          "private": "bnVsbA=="
        }
      ]
    },
    {
      "mode": "managed",
      "type": "aws_route_table",
      "name": "private",
      "provider": "provider[\"registry.terraform.io/hashicorp/aws\"]",
      "instances": [
        {
          "schema_version": 0,
          "attributes": {
            "arn": "arn:aws:ec2:us-east-1:973795184365:route-table/rtb-061929e088b2d5176",
            "id": "rtb-061929e088b2d5176",
            "owner_id": "973795184365",
            "propagating_vgws": [],
            "route": [],
            "tags": {
              "CreatedAt": "2021-05-13",
              "ManagedBy": "Terraform",
              "Name": "Terraform Private",
              "Owner": "AWS Devops",
              "Project": "AWS com Terraform",
              "Service": "Interview"
            },
            "tags_all": {
              "CreatedAt": "2021-05-13",
              "ManagedBy": "Terraform",
              "Name": "Terraform Private",
              "Owner": "AWS Devops",
              "Project": "AWS com Terraform",
              "Service": "Interview"
            },
            "vpc_id": "vpc-0dd38b9ef395bd7f4"
          },
          "sensitive_attributes": [],
          "private": "bnVsbA==",
          "dependencies": [
            "aws_vpc.this"
          ]
        }
      ]
    },
    {
      "mode": "managed",
      "type": "aws_route_table",
      "name": "public",
      "provider": "provider[\"registry.terraform.io/hashicorp/aws\"]",
      "instances": [
        {
          "schema_version": 0,
          "attributes": {
            "arn": "arn:aws:ec2:us-east-1:973795184365:route-table/rtb-0e3955de6555c7b22",
            "id": "rtb-0e3955de6555c7b22",
            "owner_id": "973795184365",
            "propagating_vgws": [],
            "route": [
              {
                "carrier_gateway_id": "",
                "cidr_block": "0.0.0.0/0",
                "destination_prefix_list_id": "",
                "egress_only_gateway_id": "",
                "gateway_id": "igw-08c121b287871259b",
                "instance_id": "",
                "ipv6_cidr_block": "",
                "local_gateway_id": "",
                "nat_gateway_id": "",
                "network_interface_id": "",
                "transit_gateway_id": "",
                "vpc_endpoint_id": "",
                "vpc_peering_connection_id": ""
              }
            ],
            "tags": {
              "CreatedAt": "2021-05-13",
              "ManagedBy": "Terraform",
              "Name": "Terraform Public",
              "Owner": "AWS Devops",
              "Project": "AWS com Terraform",
              "Service": "Interview"
            },
            "tags_all": {
              "CreatedAt": "2021-05-13",
              "ManagedBy": "Terraform",
              "Name": "Terraform Public",
              "Owner": "AWS Devops",
              "Project": "AWS com Terraform",
              "Service": "Interview"
            },
            "vpc_id": "vpc-0dd38b9ef395bd7f4"
          },
          "sensitive_attributes": [],
          "private": "bnVsbA==",
          "dependencies": [
            "aws_internet_gateway.this",
            "aws_vpc.this"
          ]
        }
      ]
    },
    {
      "mode": "managed",
      "type": "aws_route_table_association",
      "name": "this",
      "provider": "provider[\"registry.terraform.io/hashicorp/aws\"]",
      "instances": [
        {
          "index_key": "Private A",
          "schema_version": 0,
          "attributes": {
            "gateway_id": null,
            "id": "rtbassoc-08dc7dc0fa8846e77",
            "route_table_id": "rtb-061929e088b2d5176",
            "subnet_id": "subnet-0d8d629a3316574d8"
          },
          "sensitive_attributes": [],
          "private": "bnVsbA==",
          "dependencies": [
            "aws_internet_gateway.this",
            "aws_route_table.private",
            "aws_route_table.public",
            "aws_subnet.this",
            "aws_vpc.this"
          ]
        },
        {
          "index_key": "Private B",
          "schema_version": 0,
          "attributes": {
            "gateway_id": null,
            "id": "rtbassoc-09baeb9076dc98c6b",
            "route_table_id": "rtb-061929e088b2d5176",
            "subnet_id": "subnet-0f3f65ddc3d01d1ed"
          },
          "sensitive_attributes": [],
          "private": "bnVsbA==",
          "dependencies": [
            "aws_internet_gateway.this",
            "aws_route_table.private",
            "aws_route_table.public",
            "aws_subnet.this",
            "aws_vpc.this"
          ]
        },
        {
          "index_key": "Public A",
          "schema_version": 0,
          "attributes": {
            "gateway_id": null,
            "id": "rtbassoc-06b6c0e16b2e69833",
            "route_table_id": "rtb-0e3955de6555c7b22",
            "subnet_id": "subnet-0568b4c9a4e67c2f0"
          },
          "sensitive_attributes": [],
          "private": "bnVsbA==",
          "dependencies": [
            "aws_internet_gateway.this",
            "aws_route_table.private",
            "aws_route_table.public",
            "aws_subnet.this",
            "aws_vpc.this"
          ]
        },
        {
          "index_key": "Public B",
          "schema_version": 0,
          "attributes": {
            "gateway_id": null,
            "id": "rtbassoc-01715fa4387cfe53a",
            "route_table_id": "rtb-0e3955de6555c7b22",
            "subnet_id": "subnet-02a499c9d4ce68dbc"
          },
          "sensitive_attributes": [],
          "private": "bnVsbA==",
          "dependencies": [
            "aws_internet_gateway.this",
            "aws_route_table.private",
            "aws_route_table.public",
            "aws_subnet.this",
            "aws_vpc.this"
          ]
        }
      ]
    },
    {
      "mode": "managed",
      "type": "aws_security_group",
      "name": "alb",
      "provider": "provider[\"registry.terraform.io/hashicorp/aws\"]",
      "instances": [
        {
          "schema_version": 1,
          "attributes": {
            "arn": "arn:aws:ec2:us-east-1:973795184365:security-group/sg-082d7508d013326b2",
            "description": "Load Balancer SG",
            "egress": [
              {
                "cidr_blocks": [
                  "0.0.0.0/0"
                ],
                "description": "",
                "from_port": 0,
                "ipv6_cidr_blocks": [],
                "prefix_list_ids": [],
                "protocol": "-1",
                "security_groups": [],
                "self": false,
                "to_port": 0
              }
            ],
            "id": "sg-082d7508d013326b2",
            "ingress": [
              {
                "cidr_blocks": [
                  "0.0.0.0/0"
                ],
                "description": "",
                "from_port": 80,
                "ipv6_cidr_blocks": [],
                "prefix_list_ids": [],
                "protocol": "tcp",
                "security_groups": [],
                "self": false,
                "to_port": 80
              }
            ],
            "name": "ALB-SG",
            "name_prefix": "",
            "owner_id": "973795184365",
            "revoke_rules_on_delete": false,
            "tags": {
              "CreatedAt": "2021-05-13",
              "ManagedBy": "Terraform",
              "Name": "Load Balancer",
              "Owner": "AWS Devops",
              "Project": "AWS com Terraform",
              "Service": "Interview"
            },
            "tags_all": {
              "CreatedAt": "2021-05-13",
              "ManagedBy": "Terraform",
              "Name": "Load Balancer",
              "Owner": "AWS Devops",
              "Project": "AWS com Terraform",
              "Service": "Interview"
            },
            "timeouts": null,
            "vpc_id": "vpc-0dd38b9ef395bd7f4"
          },
          "sensitive_attributes": [],
          "private": "eyJlMmJmYjczMC1lY2FhLTExZTYtOGY4OC0zNDM2M2JjN2M0YzAiOnsiY3JlYXRlIjo2MDAwMDAwMDAwMDAsImRlbGV0ZSI6OTAwMDAwMDAwMDAwfSwic2NoZW1hX3ZlcnNpb24iOiIxIn0=",
          "dependencies": [
            "aws_vpc.this"
          ]
        }
      ]
    },
    {
      "mode": "managed",
      "type": "aws_security_group",
      "name": "autoscaling",
      "provider": "provider[\"registry.terraform.io/hashicorp/aws\"]",
      "instances": [
        {
          "schema_version": 1,
          "attributes": {
            "arn": "arn:aws:ec2:us-east-1:973795184365:security-group/sg-06dfa79208352e92f",
            "description": "Security group that allows ssh/http and all egress traffic",
            "egress": [
              {
                "cidr_blocks": [
                  "0.0.0.0/0"
                ],
                "description": "",
                "from_port": 0,
                "ipv6_cidr_blocks": [],
                "prefix_list_ids": [],
                "protocol": "-1",
                "security_groups": [],
                "self": false,
                "to_port": 0
              }
            ],
            "id": "sg-06dfa79208352e92f",
            "ingress": [
              {
                "cidr_blocks": [
                  "0.0.0.0/0"
                ],
                "description": "",
                "from_port": 22,
                "ipv6_cidr_blocks": [],
                "prefix_list_ids": [],
                "protocol": "tcp",
                "security_groups": [],
                "self": false,
                "to_port": 22
              },
              {
                "cidr_blocks": [],
                "description": "",
                "from_port": 80,
                "ipv6_cidr_blocks": [],
                "prefix_list_ids": [],
                "protocol": "tcp",
                "security_groups": [
                  "sg-082d7508d013326b2"
                ],
                "self": false,
                "to_port": 80
              }
            ],
            "name": "autoscaling",
            "name_prefix": "",
            "owner_id": "973795184365",
            "revoke_rules_on_delete": false,
            "tags": {
              "CreatedAt": "2021-05-13",
              "ManagedBy": "Terraform",
              "Name": "Auto Scaling",
              "Owner": "AWS Devops",
              "Project": "AWS com Terraform",
              "Service": "Interview"
            },
            "tags_all": {
              "CreatedAt": "2021-05-13",
              "ManagedBy": "Terraform",
              "Name": "Auto Scaling",
              "Owner": "AWS Devops",
              "Project": "AWS com Terraform",
              "Service": "Interview"
            },
            "timeouts": null,
            "vpc_id": "vpc-0dd38b9ef395bd7f4"
          },
          "sensitive_attributes": [],
          "private": "eyJlMmJmYjczMC1lY2FhLTExZTYtOGY4OC0zNDM2M2JjN2M0YzAiOnsiY3JlYXRlIjo2MDAwMDAwMDAwMDAsImRlbGV0ZSI6OTAwMDAwMDAwMDAwfSwic2NoZW1hX3ZlcnNpb24iOiIxIn0=",
          "dependencies": [
            "aws_security_group.alb",
            "aws_vpc.this"
          ]
        }
      ]
    },
    {
      "mode": "managed",
      "type": "aws_security_group",
      "name": "web",
      "provider": "provider[\"registry.terraform.io/hashicorp/aws\"]",
      "instances": [
        {
          "schema_version": 1,
          "attributes": {
            "arn": "arn:aws:ec2:us-east-1:973795184365:security-group/sg-0102a2744319568ac",
            "description": "Allow public inbound traffic",
            "egress": [],
            "id": "sg-0102a2744319568ac",
            "ingress": [
              {
                "cidr_blocks": [
                  "0.0.0.0/0"
                ],
                "description": "",
                "from_port": -1,
                "ipv6_cidr_blocks": [],
                "prefix_list_ids": [],
                "protocol": "icmp",
                "security_groups": [],
                "self": false,
                "to_port": -1
              },
              {
                "cidr_blocks": [
                  "0.0.0.0/0"
                ],
                "description": "",
                "from_port": 443,
                "ipv6_cidr_blocks": [],
                "prefix_list_ids": [],
                "protocol": "tcp",
                "security_groups": [],
                "self": false,
                "to_port": 443
              },
              {
                "cidr_blocks": [
                  "0.0.0.0/0"
                ],
                "description": "",
                "from_port": 80,
                "ipv6_cidr_blocks": [],
                "prefix_list_ids": [],
                "protocol": "tcp",
                "security_groups": [],
                "self": false,
                "to_port": 80
              }
            ],
            "name": "Web",
            "name_prefix": "",
            "owner_id": "973795184365",
            "revoke_rules_on_delete": false,
            "tags": {
              "CreatedAt": "2021-05-13",
              "ManagedBy": "Terraform",
              "Name": "Web Server",
              "Owner": "AWS Devops",
              "Project": "AWS com Terraform",
              "Service": "Interview"
            },
            "tags_all": {
              "CreatedAt": "2021-05-13",
              "ManagedBy": "Terraform",
              "Name": "Web Server",
              "Owner": "AWS Devops",
              "Project": "AWS com Terraform",
              "Service": "Interview"
            },
            "timeouts": null,
            "vpc_id": "vpc-0dd38b9ef395bd7f4"
          },
          "sensitive_attributes": [],
          "private": "eyJlMmJmYjczMC1lY2FhLTExZTYtOGY4OC0zNDM2M2JjN2M0YzAiOnsiY3JlYXRlIjo2MDAwMDAwMDAwMDAsImRlbGV0ZSI6OTAwMDAwMDAwMDAwfSwic2NoZW1hX3ZlcnNpb24iOiIxIn0=",
          "dependencies": [
            "aws_vpc.this"
          ]
        }
      ]
    },
    {
      "mode": "managed",
      "type": "aws_subnet",
      "name": "this",
      "provider": "provider[\"registry.terraform.io/hashicorp/aws\"]",
      "instances": [
        {
          "index_key": "pub_a",
          "schema_version": 1,
          "attributes": {
            "arn": "arn:aws:ec2:us-east-1:973795184365:subnet/subnet-0568b4c9a4e67c2f0",
            "assign_ipv6_address_on_creation": false,
            "availability_zone": "us-east-1a",
            "availability_zone_id": "use1-az4",
            "cidr_block": "192.168.1.0/24",
            "customer_owned_ipv4_pool": "",
            "id": "subnet-0568b4c9a4e67c2f0",
            "ipv6_cidr_block": "",
            "ipv6_cidr_block_association_id": "",
            "map_customer_owned_ip_on_launch": false,
            "map_public_ip_on_launch": false,
            "outpost_arn": "",
            "owner_id": "973795184365",
            "tags": {
              "CreatedAt": "2021-05-13",
              "ManagedBy": "Terraform",
              "Name": "Public A",
              "Owner": "AWS Devops",
              "Project": "AWS com Terraform",
              "Service": "Interview"
            },
            "tags_all": {
              "CreatedAt": "2021-05-13",
              "ManagedBy": "Terraform",
              "Name": "Public A",
              "Owner": "AWS Devops",
              "Project": "AWS com Terraform",
              "Service": "Interview"
            },
            "timeouts": null,
            "vpc_id": "vpc-0dd38b9ef395bd7f4"
          },
          "sensitive_attributes": [],
          "private": "eyJlMmJmYjczMC1lY2FhLTExZTYtOGY4OC0zNDM2M2JjN2M0YzAiOnsiY3JlYXRlIjo2MDAwMDAwMDAwMDAsImRlbGV0ZSI6MTIwMDAwMDAwMDAwMH0sInNjaGVtYV92ZXJzaW9uIjoiMSJ9",
          "dependencies": [
            "aws_vpc.this"
          ]
        },
        {
          "index_key": "pub_b",
          "schema_version": 1,
          "attributes": {
            "arn": "arn:aws:ec2:us-east-1:973795184365:subnet/subnet-02a499c9d4ce68dbc",
            "assign_ipv6_address_on_creation": false,
            "availability_zone": "us-east-1b",
            "availability_zone_id": "use1-az6",
            "cidr_block": "192.168.2.0/24",
            "customer_owned_ipv4_pool": "",
            "id": "subnet-02a499c9d4ce68dbc",
            "ipv6_cidr_block": "",
            "ipv6_cidr_block_association_id": "",
            "map_customer_owned_ip_on_launch": false,
            "map_public_ip_on_launch": false,
            "outpost_arn": "",
            "owner_id": "973795184365",
            "tags": {
              "CreatedAt": "2021-05-13",
              "ManagedBy": "Terraform",
              "Name": "Public B",
              "Owner": "AWS Devops",
              "Project": "AWS com Terraform",
              "Service": "Interview"
            },
            "tags_all": {
              "CreatedAt": "2021-05-13",
              "ManagedBy": "Terraform",
              "Name": "Public B",
              "Owner": "AWS Devops",
              "Project": "AWS com Terraform",
              "Service": "Interview"
            },
            "timeouts": null,
            "vpc_id": "vpc-0dd38b9ef395bd7f4"
          },
          "sensitive_attributes": [],
          "private": "eyJlMmJmYjczMC1lY2FhLTExZTYtOGY4OC0zNDM2M2JjN2M0YzAiOnsiY3JlYXRlIjo2MDAwMDAwMDAwMDAsImRlbGV0ZSI6MTIwMDAwMDAwMDAwMH0sInNjaGVtYV92ZXJzaW9uIjoiMSJ9",
          "dependencies": [
            "aws_vpc.this"
          ]
        },
        {
          "index_key": "pvt_a",
          "schema_version": 1,
          "attributes": {
            "arn": "arn:aws:ec2:us-east-1:973795184365:subnet/subnet-0d8d629a3316574d8",
            "assign_ipv6_address_on_creation": false,
            "availability_zone": "us-east-1a",
            "availability_zone_id": "use1-az4",
            "cidr_block": "192.168.3.0/24",
            "customer_owned_ipv4_pool": "",
            "id": "subnet-0d8d629a3316574d8",
            "ipv6_cidr_block": "",
            "ipv6_cidr_block_association_id": "",
            "map_customer_owned_ip_on_launch": false,
            "map_public_ip_on_launch": false,
            "outpost_arn": "",
            "owner_id": "973795184365",
            "tags": {
              "CreatedAt": "2021-05-13",
              "ManagedBy": "Terraform",
              "Name": "Private A",
              "Owner": "AWS Devops",
              "Project": "AWS com Terraform",
              "Service": "Interview"
            },
            "tags_all": {
              "CreatedAt": "2021-05-13",
              "ManagedBy": "Terraform",
              "Name": "Private A",
              "Owner": "AWS Devops",
              "Project": "AWS com Terraform",
              "Service": "Interview"
            },
            "timeouts": null,
            "vpc_id": "vpc-0dd38b9ef395bd7f4"
          },
          "sensitive_attributes": [],
          "private": "eyJlMmJmYjczMC1lY2FhLTExZTYtOGY4OC0zNDM2M2JjN2M0YzAiOnsiY3JlYXRlIjo2MDAwMDAwMDAwMDAsImRlbGV0ZSI6MTIwMDAwMDAwMDAwMH0sInNjaGVtYV92ZXJzaW9uIjoiMSJ9",
          "dependencies": [
            "aws_vpc.this"
          ]
        },
        {
          "index_key": "pvt_b",
          "schema_version": 1,
          "attributes": {
            "arn": "arn:aws:ec2:us-east-1:973795184365:subnet/subnet-0f3f65ddc3d01d1ed",
            "assign_ipv6_address_on_creation": false,
            "availability_zone": "us-east-1b",
            "availability_zone_id": "use1-az6",
            "cidr_block": "192.168.4.0/24",
            "customer_owned_ipv4_pool": "",
            "id": "subnet-0f3f65ddc3d01d1ed",
            "ipv6_cidr_block": "",
            "ipv6_cidr_block_association_id": "",
            "map_customer_owned_ip_on_launch": false,
            "map_public_ip_on_launch": false,
            "outpost_arn": "",
            "owner_id": "973795184365",
            "tags": {
              "CreatedAt": "2021-05-13",
              "ManagedBy": "Terraform",
              "Name": "Private B",
              "Owner": "AWS Devops",
              "Project": "AWS com Terraform",
              "Service": "Interview"
            },
            "tags_all": {
              "CreatedAt": "2021-05-13",
              "ManagedBy": "Terraform",
              "Name": "Private B",
              "Owner": "AWS Devops",
              "Project": "AWS com Terraform",
              "Service": "Interview"
            },
            "timeouts": null,
            "vpc_id": "vpc-0dd38b9ef395bd7f4"
          },
          "sensitive_attributes": [],
          "private": "eyJlMmJmYjczMC1lY2FhLTExZTYtOGY4OC0zNDM2M2JjN2M0YzAiOnsiY3JlYXRlIjo2MDAwMDAwMDAwMDAsImRlbGV0ZSI6MTIwMDAwMDAwMDAwMH0sInNjaGVtYV92ZXJzaW9uIjoiMSJ9",
          "dependencies": [
            "aws_vpc.this"
          ]
        }
      ]
    },
    {
      "mode": "managed",
      "type": "aws_vpc",
      "name": "this",
      "provider": "provider[\"registry.terraform.io/hashicorp/aws\"]",
      "instances": [
        {
          "schema_version": 1,
          "attributes": {
            "arn": "arn:aws:ec2:us-east-1:973795184365:vpc/vpc-0dd38b9ef395bd7f4",
            "assign_generated_ipv6_cidr_block": false,
            "cidr_block": "192.168.0.0/16",
            "default_network_acl_id": "acl-081b640cf98b26d73",
            "default_route_table_id": "rtb-0828771ca043a14fc",
            "default_security_group_id": "sg-0c074da91e78e2edb",
            "dhcp_options_id": "dopt-79526703",
            "enable_classiclink": false,
            "enable_classiclink_dns_support": false,
            "enable_dns_hostnames": false,
            "enable_dns_support": true,
            "id": "vpc-0dd38b9ef395bd7f4",
            "instance_tenancy": "default",
            "ipv6_association_id": "",
            "ipv6_cidr_block": "",
            "main_route_table_id": "rtb-0828771ca043a14fc",
            "owner_id": "973795184365",
            "tags": {
              "CreatedAt": "2021-05-13",
              "ManagedBy": "Terraform",
              "Name": "Terraform VPC ",
              "Owner": "AWS Devops",
              "Project": "AWS com Terraform",
              "Service": "Interview"
            },
            "tags_all": {
              "CreatedAt": "2021-05-13",
              "ManagedBy": "Terraform",
              "Name": "Terraform VPC ",
              "Owner": "AWS Devops",
              "Project": "AWS com Terraform",
              "Service": "Interview"
            }
          },
          "sensitive_attributes": [],
          "private": "eyJzY2hlbWFfdmVyc2lvbiI6IjEifQ=="
        }
      ]
    },
    {
      "mode": "managed",
      "type": "tls_private_key",
      "name": "ec2_private_key",
      "provider": "provider[\"registry.terraform.io/hashicorp/tls\"]",
      "instances": [
        {
          "schema_version": 0,
          "attributes": {
            "algorithm": "RSA",
            "ecdsa_curve": "P224",
            "id": "f7a3330bded587bcc2573c75f56012456a66a401",
            "private_key_pem": "-----BEGIN RSA PRIVATE KEY-----\nMIIJKQIBAAKCAgEAvyxtgp/7e4S7ncxLTh/7vxh+G/Lowm4LZyZzld2UxzAX3Hvq\nml3Z3ZVyZs4uNZl6/HqXtwi8nL7beG0ZqMFwF0/A6m3KtYx3HnqOWEWoDW39ZRIm\n31jlZBvKooKlbT/QHMj3pXR+/7hDmDWqxe4mpTG0Jq4eBoJ3dXK5WvhIkr061+lq\nbZnOAGXFmDQwmqYcZby4kAoOFvS173M9f0aoPpl/CtGUZ/Sxtj56HgUEVFR2LPyD\nkaKe/m3jf9fmLhBpPAefrF2jdHWwBsT0ekvVFszZRLnQNxSzMz9+csHnP3gAF6LG\nVmoEtoqov9V7fbsqk/lrYwednleVmt686f8Ex3dNgmBsqILh2Cjhr1HmmgyxsAZk\nk53zfyBOkbUfkT/M13TB+RMe90w4bvHx3gDBbc0XiGl36ira2CDipkDhGmR/WYcB\nz+5CxnWlQ9X71ta/5mTUybnp0OFA/pJ8E5Sl2RWz2ZmnAwcNQ1V1A7wVrkjbr5vf\nqjkhDBxhOmjSi/nzBZ8QQPofGRgpKUksjP6avvbxYFYsWSJTEr9+nrdUhokE6nxv\n3biEg8h9Q/oV4wIj7n0PzNCaqcXxTY5dl9lIONvNs0L6Pv6ppDH75ZgYm6tnZEI8\ni6bg06RCurCAqnKgwV8KQWK2qkbZb0FcsYnlmp0xA0QL0WXFVAP695nVhksCAwEA\nAQKCAgEAutp5zwr/iqMZngpoMFwie4089aRezGsyygdTQk/pcycWq3KSw36ny2Sf\nBMzRbaIuC0jnsQbhE3OYoARC6CbpoF9bd8cIMpqwcyHmr3Cl6TpwSbGMPRFuZIKl\ndGGtvzJ3/yqOozFSUC+SIduSpxM2wo/qPURCJKqwiCMx+DBk/sfmE9MZKzcBmnHe\nx/165C0n5GipHGA3lUhp6zkACr7NAyKUgcaG/3SzniVCxsSwjpxfRWkqT9ZbAOP3\nUKV9Xdi8gugQsTB06wd8naE0M7Sa+kYOtpXHZY7d+GE+/nt3wxlPPcrjgOLu6Fxu\nw9Gteh7OZwOKaqiu7m081LqQe0W/LGZcRzF2fYmuDRSHZKmqqZ+yMuSZ5iDupZqc\nAdE533RqhHp6CVoJr6Lt+jhsG33075O3X0zY4XKWhy2cW/0ny26qLyePhi4TMTf1\nlPFyjQnxVJkongRVdlqr0+qAkP1BaUMJA6vuqsXXb6BjWpAErC7NcRXOCnuCsZ78\n0BlX2UudJo56uhSeblSCJ2qecwmQnm8CPq7dOFbOsWg43IboV3/ahDrU9qN3qn66\n+QYLbjqDg/mB9cmmxDnjOxNx1955uVHe9EvBOjHj8IqgYVo5kk+ecBPTHg3IQ0H5\nI/xptYU9Sui0oyH7fGeHM2b1zW9hhL/c3SGrL0Kxy5Ec56PtnkECggEBAOMXI2pI\nflVJHYc7XeSL5H0N6UsN7bkkupXddgjwS6m0FqjV7xqd6k2z5TGUlI9DUkfhXwDn\noeiixK0MEzfVarglWBMSNPNU7NgFnPg7sXtovdKkFtm2TLK9vDup444yiRpGRdrx\npNW8sNPCbAZjiuFjbEJ/bHNBvG+LXlSXH8BXxA6q0Q0J0938yQNyN7c4TFmGP0PX\nOumGTaBdt2kG29gv9n21Bcwmo+TbewDwP1agLC9QNWKh7y0hrFqpzKMsNs8TeV7r\ncJVRFJOx3RU8GhhyfnbGUyzdgtEbVKDIud2Z2IGnQ0JfSnmwqRhojkr/oaxa1s+H\nZU3dz+15i7oisW8CggEBANeCwwr/DJpybna5sDhQwLW8MUyh1dcrJAlEtpaOi7Uy\nlTsQDl3X4U1Oa7xwQzuFqapV1X87JcdqIxosqysMe7FhdsBSiS5uOHbQfEiKBflq\nqtCsuLT2DiwjWUUPBDND//A6jhDuYRWFsB0JrDC6La9urAM2/wmh31nHQIrhaTSw\nYYWFR3O/SS4WAw4Kh0BFrEMQFQODi2wWPakUKOGkmuVSZR9mhwAZp4dnHgv187RE\nnstwTcBoxHESbm+IxzattJEvuwwIY1tRU1tWCfCDgodIqmG3sRp8vcbLjRvouKrS\nF1wwhoZGDUUCC1Kj7yytr2ZLnnD3lO4c2i1Mun1dEuUCggEAdO3IFYTIT/+6zZP6\n76A8gUu1cSj129wWmu4SRd39B5+r/zlQyYLAT0wu2k2oBPBkIJDiCyQ50QBmhrft\n+VTRg4nvBLreOuDipwSU45hQ9btj6l8FSQq+CVb64jnC6sgIolfGxkqgVlG3NwIn\n/04oB4/bAY58+AfEECdR5fp+pdpLIEZCKBWEWww7MKQSHixF297tGnBrbCz0MXuv\n4ctfTby8jdO07X6D62Y7uqr54g/NUHtbUbMR5UouZeyCaw5sFknvt7lBGhFKqBXw\nQWvV//qMNXo+/537KtKIy9UvJvR9b50BW96XCXu2RdQoWGOyCn4nl2oe9m4dDykD\nkk8kzwKCAQBCp9EHn6cYRfhghEI6yM8x5okg+JUZPeChdT08B86yNnjtkaO/5rtq\nm6y61cYVrNuzMWUdOwAOU4eT2uj+IZhIXqrKBT0kvTZ9mTI3hWkfoZw/eoyOe+Qa\nRryfnWthJ9ELTjEOj4w7iePUt18omwzyS7qsK+Bp7EUWkYgm7F0LzNn84CIfbLSH\nqos7VopKmMIU4+577b27qo1btD6Iu86kyv033xA2ObkVKhGjBWlhAjBTH+MMddr8\nVgUOPjHPeZ51oVuq9xUz801i3JOqbiJ7EUCRhK0kUhyoVeDJFwu22dAb1W5mLViB\nVYaHAulA2l97tjvFGO5ZT1cz151+lMD5AoIBAQDBMwA+bsPOCVfSf5SOsNNeKRAS\nnhJJo9XL5ues6sUxrZvfmRYfXd5ZLQQg56K8hBQoErJRv2SvqmIuXGoV7Glx+dNc\nXQlj/WZq0YW/vbzuA5aW6haITONd46WlDlr7TNkAGATHNwUtoyvGa56Q3EeNd+yM\nncMdtFWpKETtlXxNMC34Yt9MS5txJNtkYoH3I2/ywS3ZpbIiiJKy/2Os375xTaFK\nYi29o7oc4hqxJcOQqGIh9FFF3iwkHS/1bAJyA8zX0sa1AQ751+Wg2n3SNgC/T6Ds\nZscmexr+gFfpV54blDkAJ1UtPgHiOfhknXqTvrhOF//rxMSaGQoFEkrytUVY\n-----END RSA PRIVATE KEY-----\n",
            "public_key_fingerprint_md5": "45:51:3a:1f:d8:57:88:a9:54:47:4c:7a:93:34:d2:4e",
            "public_key_openssh": "ssh-rsa AAAAB3NzaC1yc2EAAAADAQABAAACAQC/LG2Cn/t7hLudzEtOH/u/GH4b8ujCbgtnJnOV3ZTHMBfce+qaXdndlXJmzi41mXr8epe3CLycvtt4bRmowXAXT8Dqbcq1jHceeo5YRagNbf1lEibfWOVkG8qigqVtP9AcyPeldH7/uEOYNarF7ialMbQmrh4Ggnd1crla+EiSvTrX6Wptmc4AZcWYNDCaphxlvLiQCg4W9LXvcz1/Rqg+mX8K0ZRn9LG2PnoeBQRUVHYs/IORop7+beN/1+YuEGk8B5+sXaN0dbAGxPR6S9UWzNlEudA3FLMzP35ywec/eAAXosZWagS2iqi/1Xt9uyqT+WtjB52eV5Wa3rzp/wTHd02CYGyoguHYKOGvUeaaDLGwBmSTnfN/IE6RtR+RP8zXdMH5Ex73TDhu8fHeAMFtzReIaXfqKtrYIOKmQOEaZH9ZhwHP7kLGdaVD1fvW1r/mZNTJuenQ4UD+knwTlKXZFbPZmacDBw1DVXUDvBWuSNuvm9+qOSEMHGE6aNKL+fMFnxBA+h8ZGCkpSSyM/pq+9vFgVixZIlMSv36et1SGiQTqfG/duISDyH1D+hXjAiPufQ/M0JqpxfFNjl2X2Ug4282zQvo+/qmkMfvlmBibq2dkQjyLpuDTpEK6sICqcqDBXwpBYraqRtlvQVyxieWanTEDRAvRZcVUA/r3mdWGSw==\n",
            "public_key_pem": "-----BEGIN PUBLIC KEY-----\nMIICIjANBgkqhkiG9w0BAQEFAAOCAg8AMIICCgKCAgEAvyxtgp/7e4S7ncxLTh/7\nvxh+G/Lowm4LZyZzld2UxzAX3Hvqml3Z3ZVyZs4uNZl6/HqXtwi8nL7beG0ZqMFw\nF0/A6m3KtYx3HnqOWEWoDW39ZRIm31jlZBvKooKlbT/QHMj3pXR+/7hDmDWqxe4m\npTG0Jq4eBoJ3dXK5WvhIkr061+lqbZnOAGXFmDQwmqYcZby4kAoOFvS173M9f0ao\nPpl/CtGUZ/Sxtj56HgUEVFR2LPyDkaKe/m3jf9fmLhBpPAefrF2jdHWwBsT0ekvV\nFszZRLnQNxSzMz9+csHnP3gAF6LGVmoEtoqov9V7fbsqk/lrYwednleVmt686f8E\nx3dNgmBsqILh2Cjhr1HmmgyxsAZkk53zfyBOkbUfkT/M13TB+RMe90w4bvHx3gDB\nbc0XiGl36ira2CDipkDhGmR/WYcBz+5CxnWlQ9X71ta/5mTUybnp0OFA/pJ8E5Sl\n2RWz2ZmnAwcNQ1V1A7wVrkjbr5vfqjkhDBxhOmjSi/nzBZ8QQPofGRgpKUksjP6a\nvvbxYFYsWSJTEr9+nrdUhokE6nxv3biEg8h9Q/oV4wIj7n0PzNCaqcXxTY5dl9lI\nONvNs0L6Pv6ppDH75ZgYm6tnZEI8i6bg06RCurCAqnKgwV8KQWK2qkbZb0FcsYnl\nmp0xA0QL0WXFVAP695nVhksCAwEAAQ==\n-----END PUBLIC KEY-----\n",
            "rsa_bits": 4096
          },
          "sensitive_attributes": [],
          "private": "bnVsbA=="
        }
      ]
    },
    {
      "module": "module.key_pair",
      "mode": "managed",
      "type": "aws_key_pair",
      "name": "this",
      "provider": "provider[\"registry.terraform.io/hashicorp/aws\"]",
      "instances": [
        {
          "index_key": 0,
          "schema_version": 1,
          "attributes": {
            "arn": "arn:aws:ec2:us-east-1:973795184365:key-pair/access_user_key",
            "fingerprint": "28:9f:d9:65:08:c5:c9:f7:73:e9:ca:4d:04:04:1c:30",
            "id": "access_user_key",
            "key_name": "access_user_key",
            "key_name_prefix": null,
            "key_pair_id": "key-0b21ea22ddd640188",
            "public_key": "ssh-rsa AAAAB3NzaC1yc2EAAAADAQABAAACAQC/LG2Cn/t7hLudzEtOH/u/GH4b8ujCbgtnJnOV3ZTHMBfce+qaXdndlXJmzi41mXr8epe3CLycvtt4bRmowXAXT8Dqbcq1jHceeo5YRagNbf1lEibfWOVkG8qigqVtP9AcyPeldH7/uEOYNarF7ialMbQmrh4Ggnd1crla+EiSvTrX6Wptmc4AZcWYNDCaphxlvLiQCg4W9LXvcz1/Rqg+mX8K0ZRn9LG2PnoeBQRUVHYs/IORop7+beN/1+YuEGk8B5+sXaN0dbAGxPR6S9UWzNlEudA3FLMzP35ywec/eAAXosZWagS2iqi/1Xt9uyqT+WtjB52eV5Wa3rzp/wTHd02CYGyoguHYKOGvUeaaDLGwBmSTnfN/IE6RtR+RP8zXdMH5Ex73TDhu8fHeAMFtzReIaXfqKtrYIOKmQOEaZH9ZhwHP7kLGdaVD1fvW1r/mZNTJuenQ4UD+knwTlKXZFbPZmacDBw1DVXUDvBWuSNuvm9+qOSEMHGE6aNKL+fMFnxBA+h8ZGCkpSSyM/pq+9vFgVixZIlMSv36et1SGiQTqfG/duISDyH1D+hXjAiPufQ/M0JqpxfFNjl2X2Ug4282zQvo+/qmkMfvlmBibq2dkQjyLpuDTpEK6sICqcqDBXwpBYraqRtlvQVyxieWanTEDRAvRZcVUA/r3mdWGSw==",
            "tags": null,
            "tags_all": {}
          },
          "sensitive_attributes": [],
          "private": "eyJzY2hlbWFfdmVyc2lvbiI6IjEifQ==",
          "dependencies": [
            "tls_private_key.ec2_private_key"
          ]
        }
      ]
    }
  ]
}
