{
  "version": 4,
  "terraform_version": "0.15.3",
  "serial": 89,
  "lineage": "a5ebb2cb-fde3-b56a-a994-d8dd4285e935",
  "outputs": {
    "alb_id": {
      "value": "arn:aws:elasticloadbalancing:us-east-1:973795184365:loadbalancer/app/Terraform-ALB/d2c3d809e833d9c2",
      "type": "string"
    },
    "igw_id": {
      "value": "igw-0efb8baf35293dbae",
      "type": "string"
    },
    "private_route_table_id": {
      "value": "rtb-0eb967ed33d281bca",
      "type": "string"
    },
    "public_route_table_id": {
      "value": "rtb-00778e74b30d34707",
      "type": "string"
    },
    "route_table_assossiation_ids": {
      "value": [
        "rtbassoc-0820869750b35efb0",
        "rtbassoc-004d3574f752f9d99",
        "rtbassoc-0c18842058fac72b8",
        "rtbassoc-0253d44f73317f6eb"
      ],
      "type": [
        "tuple",
        [
          "string",
          "string",
          "string",
          "string"
        ]
      ]
    },
    "sg_alb_id": {
      "value": "sg-02447c9659452cef1",
      "type": "string"
    },
    "sg_web_id": {
      "value": "sg-0488c9369a9e1bd00",
      "type": "string"
    },
    "subnet_ids": {
      "value": {
        "Private A": "subnet-043fd5a0a347bb56f",
        "Private B": "subnet-0a4b61a09734f0771",
        "Public A": "subnet-06456178ae0f913a9",
        "Public B": "subnet-037267f34121c37a5"
      },
      "type": [
        "object",
        {
          "Private A": "string",
          "Private B": "string",
          "Public A": "string",
          "Public B": "string"
        }
      ]
    },
    "vpc_id": {
      "value": "vpc-03abeb0a62995ec66",
      "type": "string"
    }
  },
  "resources": [
    {
      "mode": "data",
      "type": "aws_ami",
      "name": "ubuntu",
      "provider": "provider[\"registry.terraform.io/hashicorp/aws\"]",
      "instances": [
        {
          "schema_version": 0,
          "attributes": {
            "architecture": "x86_64",
            "arn": "arn:aws:ec2:us-east-1::image/ami-095348d25d5081d12",
            "block_device_mappings": [
              {
                "device_name": "/dev/sda1",
                "ebs": {
                  "delete_on_termination": "true",
                  "encrypted": "false",
                  "iops": "0",
                  "snapshot_id": "snap-0c0700bc9e451a103",
                  "throughput": "0",
                  "volume_size": "25",
                  "volume_type": "gp2"
                },
                "no_device": "",
                "virtual_name": ""
              }
            ],
            "creation_date": "2021-05-15T15:05:25.000Z",
            "description": null,
            "ena_support": true,
            "executable_users": null,
            "filter": [
              {
                "name": "architecture",
                "values": [
                  "x86_64"
                ]
              }
            ],
            "hypervisor": "xen",
            "id": "ami-095348d25d5081d12",
            "image_id": "ami-095348d25d5081d12",
            "image_location": "amazon/aws-parallelcluster-2.10.4-ubuntu-1804-lts-hvm-x86_64-202105142101",
            "image_owner_alias": "amazon",
            "image_type": "machine",
            "kernel_id": null,
            "most_recent": true,
            "name": "aws-parallelcluster-2.10.4-ubuntu-1804-lts-hvm-x86_64-202105142101",
            "name_regex": "ubuntu",
            "owner_id": "247102896272",
            "owners": [
              "amazon"
            ],
            "platform": null,
            "platform_details": "Linux/UNIX",
            "product_codes": [],
            "public": true,
            "ramdisk_id": null,
            "root_device_name": "/dev/sda1",
            "root_device_type": "ebs",
            "root_snapshot_id": "snap-0c0700bc9e451a103",
            "sriov_net_support": "simple",
            "state": "available",
            "state_reason": {
              "code": "UNSET",
              "message": "UNSET"
            },
            "tags": {},
            "usage_operation": "RunInstances",
            "virtualization_type": "hvm"
          },
          "sensitive_attributes": []
        }
      ]
    },
    {
      "mode": "managed",
      "type": "aws_acm_certificate",
      "name": "this",
      "provider": "provider[\"registry.terraform.io/hashicorp/aws\"].us-east-1",
      "instances": [
        {
          "index_key": 0,
          "schema_version": 0,
          "attributes": {
            "arn": "arn:aws:acm:us-east-1:973795184365:certificate/26b1f505-c126-4a60-83a7-c6702dba5b7a",
            "certificate_authority_arn": "",
            "certificate_body": null,
            "certificate_chain": null,
            "domain_name": "ffk07devops.com",
            "domain_validation_options": [
              {
                "domain_name": "*.ffk07devops.com",
                "resource_record_name": "_43e570d90772d63b4d311eb70142cee6.ffk07devops.com.",
                "resource_record_type": "CNAME",
                "resource_record_value": "_34c548eeb42272cb7ad6a8bd58e06a53.jddtvkljgg.acm-validations.aws."
              },
              {
                "domain_name": "ffk07devops.com",
                "resource_record_name": "_43e570d90772d63b4d311eb70142cee6.ffk07devops.com.",
                "resource_record_type": "CNAME",
                "resource_record_value": "_34c548eeb42272cb7ad6a8bd58e06a53.jddtvkljgg.acm-validations.aws."
              }
            ],
            "id": "arn:aws:acm:us-east-1:973795184365:certificate/26b1f505-c126-4a60-83a7-c6702dba5b7a",
            "options": [
              {
                "certificate_transparency_logging_preference": "ENABLED"
              }
            ],
            "private_key": null,
            "status": "PENDING_VALIDATION",
            "subject_alternative_names": [
              "*.ffk07devops.com"
            ],
            "tags": null,
            "tags_all": {},
            "validation_emails": [],
            "validation_method": "DNS"
          },
          "sensitive_attributes": [],
          "private": "bnVsbA==",
          "dependencies": [
            "random_pet.website"
          ]
        }
      ]
    },
    {
      "mode": "managed",
      "type": "aws_acm_certificate_validation",
      "name": "this",
      "provider": "provider[\"registry.terraform.io/hashicorp/aws\"].us-east-1",
      "instances": []
    },
    {
      "mode": "managed",
      "type": "aws_autoscaling_group",
      "name": "this",
      "provider": "provider[\"registry.terraform.io/hashicorp/aws\"]",
      "instances": [
        {
          "schema_version": 0,
          "attributes": {
            "arn": "arn:aws:autoscaling:us-east-1:973795184365:autoScalingGroup:3742234f-f07b-4073-b171-b260f0cdabaf:autoScalingGroupName/terraform-autoscaling",
            "availability_zones": [
              "us-east-1a",
              "us-east-1b"
            ],
            "capacity_rebalance": false,
            "default_cooldown": 300,
            "desired_capacity": 1,
            "enabled_metrics": null,
            "force_delete": true,
            "force_delete_warm_pool": false,
            "health_check_grace_period": 240,
            "health_check_type": "ELB",
            "id": "terraform-autoscaling",
            "initial_lifecycle_hook": [],
            "instance_refresh": [],
            "launch_configuration": "",
            "launch_template": [
              {
                "id": "lt-037a92a8625a84f3d",
                "name": "terraform-20210519011308910200000002",
                "version": "1"
              }
            ],
            "load_balancers": null,
            "max_instance_lifetime": 0,
            "max_size": 3,
            "metrics_granularity": "1Minute",
            "min_elb_capacity": null,
            "min_size": 1,
            "mixed_instances_policy": [],
            "name": "terraform-autoscaling",
            "name_prefix": null,
            "placement_group": "",
            "protect_from_scale_in": false,
            "service_linked_role_arn": "arn:aws:iam::973795184365:role/aws-service-role/autoscaling.amazonaws.com/AWSServiceRoleForAutoScaling",
            "suspended_processes": null,
            "tag": [],
            "tags": null,
            "target_group_arns": [
              "arn:aws:elasticloadbalancing:us-east-1:973795184365:targetgroup/ALB-TG/07283ad4d6441e8d"
            ],
            "termination_policies": null,
            "timeouts": null,
            "vpc_zone_identifier": [
              "subnet-037267f34121c37a5",
              "subnet-06456178ae0f913a9"
            ],
            "wait_for_capacity_timeout": "10m",
            "wait_for_elb_capacity": null,
            "warm_pool": []
          },
          "sensitive_attributes": [],
          "private": "eyJlMmJmYjczMC1lY2FhLTExZTYtOGY4OC0zNDM2M2JjN2M0YzAiOnsiZGVsZXRlIjo2MDAwMDAwMDAwMDB9fQ==",
          "dependencies": [
            "aws_launch_template.this",
            "aws_lb_target_group.this",
            "aws_security_group.alb",
            "aws_security_group.autoscaling",
            "aws_subnet.this",
            "aws_vpc.this",
            "data.aws_ami.ubuntu"
          ]
        }
      ]
    },
    {
      "mode": "managed",
      "type": "aws_autoscaling_policy",
      "name": "scaledown",
      "provider": "provider[\"registry.terraform.io/hashicorp/aws\"]",
      "instances": [
        {
          "schema_version": 0,
          "attributes": {
            "adjustment_type": "ChangeInCapacity",
            "arn": "arn:aws:autoscaling:us-east-1:973795184365:scalingPolicy:13adc515-8d3a-4ad5-bdde-0a8b64176dc8:autoScalingGroupName/terraform-autoscaling:policyName/Scale Down",
            "autoscaling_group_name": "terraform-autoscaling",
            "cooldown": 180,
            "estimated_instance_warmup": 0,
            "id": "Scale Down",
            "metric_aggregation_type": "",
            "min_adjustment_magnitude": null,
            "name": "Scale Down",
            "policy_type": "SimpleScaling",
            "scaling_adjustment": -1,
            "step_adjustment": [],
            "target_tracking_configuration": []
          },
          "sensitive_attributes": [],
          "private": "bnVsbA==",
          "dependencies": [
            "aws_autoscaling_group.this",
            "aws_launch_template.this",
            "aws_lb_target_group.this",
            "aws_security_group.alb",
            "aws_security_group.autoscaling",
            "aws_subnet.this",
            "aws_vpc.this",
            "data.aws_ami.ubuntu"
          ]
        }
      ]
    },
    {
      "mode": "managed",
      "type": "aws_autoscaling_policy",
      "name": "scaleup",
      "provider": "provider[\"registry.terraform.io/hashicorp/aws\"]",
      "instances": [
        {
          "schema_version": 0,
          "attributes": {
            "adjustment_type": "ChangeInCapacity",
            "arn": "arn:aws:autoscaling:us-east-1:973795184365:scalingPolicy:4944b269-8ee1-4548-b962-6ca8646ea29d:autoScalingGroupName/terraform-autoscaling:policyName/Scale Up",
            "autoscaling_group_name": "terraform-autoscaling",
            "cooldown": 180,
            "estimated_instance_warmup": 0,
            "id": "Scale Up",
            "metric_aggregation_type": "",
            "min_adjustment_magnitude": null,
            "name": "Scale Up",
            "policy_type": "SimpleScaling",
            "scaling_adjustment": 1,
            "step_adjustment": [],
            "target_tracking_configuration": []
          },
          "sensitive_attributes": [],
          "private": "bnVsbA==",
          "dependencies": [
            "aws_autoscaling_group.this",
            "aws_launch_template.this",
            "aws_lb_target_group.this",
            "aws_security_group.alb",
            "aws_security_group.autoscaling",
            "aws_subnet.this",
            "aws_vpc.this",
            "data.aws_ami.ubuntu"
          ]
        }
      ]
    },
    {
      "mode": "managed",
      "type": "aws_cloudwatch_metric_alarm",
      "name": "down",
      "provider": "provider[\"registry.terraform.io/hashicorp/aws\"]",
      "instances": [
        {
          "schema_version": 1,
          "attributes": {
            "actions_enabled": true,
            "alarm_actions": [
              "arn:aws:autoscaling:us-east-1:973795184365:scalingPolicy:13adc515-8d3a-4ad5-bdde-0a8b64176dc8:autoScalingGroupName/terraform-autoscaling:policyName/Scale Down"
            ],
            "alarm_description": "Scales down an instance when CPU utilization is lesser than 40%",
            "alarm_name": "WEB-ASG Down",
            "arn": "arn:aws:cloudwatch:us-east-1:973795184365:alarm:WEB-ASG Down",
            "comparison_operator": "LessThanOrEqualToThreshold",
            "datapoints_to_alarm": 0,
            "dimensions": {
              "AutoScalingGroupName": "terraform-autoscaling"
            },
            "evaluate_low_sample_count_percentiles": "",
            "evaluation_periods": 1,
            "extended_statistic": "",
            "id": "WEB-ASG Down",
            "insufficient_data_actions": null,
            "metric_name": "CPUUtilization",
            "metric_query": [],
            "namespace": "AWS/EC2",
            "ok_actions": null,
            "period": 60,
            "statistic": "Average",
            "tags": null,
            "tags_all": {},
            "threshold": 40,
            "threshold_metric_id": "",
            "treat_missing_data": "missing",
            "unit": ""
          },
          "sensitive_attributes": [],
          "private": "eyJzY2hlbWFfdmVyc2lvbiI6IjEifQ==",
          "dependencies": [
            "aws_autoscaling_group.this",
            "aws_autoscaling_policy.scaledown",
            "aws_launch_template.this",
            "aws_lb_target_group.this",
            "aws_security_group.alb",
            "aws_security_group.autoscaling",
            "aws_subnet.this",
            "aws_vpc.this",
            "data.aws_ami.ubuntu"
          ]
        }
      ]
    },
    {
      "mode": "managed",
      "type": "aws_cloudwatch_metric_alarm",
      "name": "up",
      "provider": "provider[\"registry.terraform.io/hashicorp/aws\"]",
      "instances": [
        {
          "schema_version": 1,
          "attributes": {
            "actions_enabled": true,
            "alarm_actions": [
              "arn:aws:autoscaling:us-east-1:973795184365:scalingPolicy:4944b269-8ee1-4548-b962-6ca8646ea29d:autoScalingGroupName/terraform-autoscaling:policyName/Scale Up"
            ],
            "alarm_description": "Scales up an instance when CPU utilization is greater than 30%",
            "alarm_name": "WEB-ASG Up",
            "arn": "arn:aws:cloudwatch:us-east-1:973795184365:alarm:WEB-ASG Up",
            "comparison_operator": "GreaterThanOrEqualToThreshold",
            "datapoints_to_alarm": 0,
            "dimensions": {
              "AutoScalingGroupName": "terraform-autoscaling"
            },
            "evaluate_low_sample_count_percentiles": "",
            "evaluation_periods": 1,
            "extended_statistic": "",
            "id": "WEB-ASG Up",
            "insufficient_data_actions": null,
            "metric_name": "CPUUtilization",
            "metric_query": [],
            "namespace": "AWS/EC2",
            "ok_actions": null,
            "period": 60,
            "statistic": "Average",
            "tags": null,
            "tags_all": {},
            "threshold": 80,
            "threshold_metric_id": "",
            "treat_missing_data": "missing",
            "unit": ""
          },
          "sensitive_attributes": [],
          "private": "eyJzY2hlbWFfdmVyc2lvbiI6IjEifQ==",
          "dependencies": [
            "aws_autoscaling_group.this",
            "aws_autoscaling_policy.scaleup",
            "aws_launch_template.this",
            "aws_lb_target_group.this",
            "aws_security_group.alb",
            "aws_security_group.autoscaling",
            "aws_subnet.this",
            "aws_vpc.this",
            "data.aws_ami.ubuntu"
          ]
        }
      ]
    },
    {
      "mode": "managed",
      "type": "aws_instance",
      "name": "web",
      "provider": "provider[\"registry.terraform.io/hashicorp/aws\"]",
      "instances": [
        {
          "schema_version": 1,
          "attributes": {
            "ami": "ami-095348d25d5081d12",
            "arn": "arn:aws:ec2:us-east-1:973795184365:instance/i-05e409d90ec528e7a",
            "associate_public_ip_address": false,
            "availability_zone": "us-east-1a",
            "cpu_core_count": 1,
            "cpu_threads_per_core": 1,
            "credit_specification": [
              {
                "cpu_credits": "standard"
              }
            ],
            "disable_api_termination": false,
            "ebs_block_device": [],
            "ebs_optimized": false,
            "enclave_options": [
              {
                "enabled": false
              }
            ],
            "ephemeral_block_device": [],
            "get_password_data": false,
            "hibernation": false,
            "host_id": null,
            "iam_instance_profile": "",
            "id": "i-05e409d90ec528e7a",
            "instance_initiated_shutdown_behavior": "stop",
            "instance_state": "running",
            "instance_type": "t2.micro",
            "ipv6_address_count": 0,
            "ipv6_addresses": [],
            "key_name": "",
            "metadata_options": [
              {
                "http_endpoint": "enabled",
                "http_put_response_hop_limit": 1,
                "http_tokens": "optional"
              }
            ],
            "monitoring": false,
            "network_interface": [],
            "outpost_arn": "",
            "password_data": "",
            "placement_group": "",
            "primary_network_interface_id": "eni-04345ae45f8f729d1",
            "private_dns": "ip-192-168-1-248.ec2.internal",
            "private_ip": "192.168.1.248",
            "public_dns": "",
            "public_ip": "",
            "root_block_device": [
              {
                "delete_on_termination": true,
                "device_name": "/dev/sda1",
                "encrypted": false,
                "iops": 100,
                "kms_key_id": "",
                "tags": {},
                "throughput": 0,
                "volume_id": "vol-008612e42a0c7a823",
                "volume_size": 25,
                "volume_type": "gp2"
              }
            ],
            "secondary_private_ips": [],
            "security_groups": [],
            "source_dest_check": true,
            "subnet_id": "subnet-06456178ae0f913a9",
            "tags": {
              "CreatedAt": "2021-05-13",
              "ManagedBy": "Terraform",
              "Name": "web Machine",
              "Owner": "AWS Devops",
              "Project": "AWS com Terraform",
              "Service": "Interview"
            },
            "tags_all": {
              "CreatedAt": "2021-05-13",
              "ManagedBy": "Terraform",
              "Name": "web Machine",
              "Owner": "AWS Devops",
              "Project": "AWS com Terraform",
              "Service": "Interview"
            },
            "tenancy": "default",
            "timeouts": null,
            "user_data": null,
            "user_data_base64": null,
            "volume_tags": null,
            "vpc_security_group_ids": [
              "sg-0488c9369a9e1bd00"
            ]
          },
          "sensitive_attributes": [],
          "private": "eyJlMmJmYjczMC1lY2FhLTExZTYtOGY4OC0zNDM2M2JjN2M0YzAiOnsiY3JlYXRlIjo2MDAwMDAwMDAwMDAsImRlbGV0ZSI6MTIwMDAwMDAwMDAwMCwidXBkYXRlIjo2MDAwMDAwMDAwMDB9LCJzY2hlbWFfdmVyc2lvbiI6IjEifQ==",
          "dependencies": [
            "aws_security_group.web",
            "aws_subnet.this",
            "aws_vpc.this",
            "data.aws_ami.ubuntu"
          ]
        }
      ]
    },
    {
      "mode": "managed",
      "type": "aws_internet_gateway",
      "name": "this",
      "provider": "provider[\"registry.terraform.io/hashicorp/aws\"]",
      "instances": [
        {
          "schema_version": 0,
          "attributes": {
            "arn": "arn:aws:ec2:us-east-1:973795184365:internet-gateway/igw-0efb8baf35293dbae",
            "id": "igw-0efb8baf35293dbae",
            "owner_id": "973795184365",
            "tags": {
              "CreatedAt": "2021-05-13",
              "ManagedBy": "Terraform",
              "Name": "Terraform IGW ",
              "Owner": "AWS Devops",
              "Project": "AWS com Terraform",
              "Service": "Interview"
            },
            "tags_all": {
              "CreatedAt": "2021-05-13",
              "ManagedBy": "Terraform",
              "Name": "Terraform IGW ",
              "Owner": "AWS Devops",
              "Project": "AWS com Terraform",
              "Service": "Interview"
            },
            "vpc_id": "vpc-03abeb0a62995ec66"
          },
          "sensitive_attributes": [],
          "private": "bnVsbA==",
          "dependencies": [
            "aws_vpc.this"
          ]
        }
      ]
    },
    {
      "mode": "managed",
      "type": "aws_launch_template",
      "name": "this",
      "provider": "provider[\"registry.terraform.io/hashicorp/aws\"]",
      "instances": [
        {
          "schema_version": 0,
          "attributes": {
            "arn": "arn:aws:ec2:us-east-1:973795184365:launch-template/lt-037a92a8625a84f3d",
            "block_device_mappings": [],
            "capacity_reservation_specification": [],
            "cpu_options": [],
            "credit_specification": [],
            "default_version": 1,
            "description": "",
            "disable_api_termination": false,
            "ebs_optimized": "",
            "elastic_gpu_specifications": [],
            "elastic_inference_accelerator": [],
            "enclave_options": [],
            "hibernation_options": [],
            "iam_instance_profile": [],
            "id": "lt-037a92a8625a84f3d",
            "image_id": "ami-095348d25d5081d12",
            "instance_initiated_shutdown_behavior": "",
            "instance_market_options": [],
            "instance_type": "t2.micro",
            "kernel_id": "",
            "key_name": "fkuss_key",
            "latest_version": 1,
            "license_specification": [],
            "metadata_options": [],
            "monitoring": [
              {
                "enabled": true
              }
            ],
            "name": "terraform-20210519011308910200000002",
            "name_prefix": "terraform-",
            "network_interfaces": [
              {
                "associate_carrier_ip_address": "",
                "associate_public_ip_address": "true",
                "delete_on_termination": "true",
                "description": "",
                "device_index": 0,
                "ipv4_address_count": 0,
                "ipv4_addresses": null,
                "ipv6_address_count": 0,
                "ipv6_addresses": null,
                "network_interface_id": "",
                "private_ip_address": "",
                "security_groups": [
                  "sg-0d2a8fdd1342c812a"
                ],
                "subnet_id": ""
              }
            ],
            "placement": [],
            "ram_disk_id": "",
            "security_group_names": null,
            "tag_specifications": [],
            "tags": null,
            "tags_all": {},
            "update_default_version": null,
            "user_data": "IyEvYmluL2Jhc2gKc3VkbyBhcHQtZ2V0IHVwZGF0ZQpzdWRvIGFwdC1nZXQgaW5zdGFsbCAteSBhcGFjaGUyCmVjaG8gJ0hlbGxvIGZyb20gVGVycmFmb3JtJyA+IC92YXIvd3d3L2h0bWwvaW5kZXguaHRtbApzZXJ2aWNlIGh0dHBkIHN0YXJ0CgpzdWRvIGFwdC1nZXQgaW5zdGFsbCAteSBzdHJlc3MtbmcKCiMgc3VkbyBzdHJlc3MtbmcgLS1jcHUgMzIgLS10aW1lb3V0IDE4MCAtLW1ldHJpY3MtYnJpZWYK",
            "vpc_security_group_ids": null
          },
          "sensitive_attributes": [],
          "private": "bnVsbA==",
          "dependencies": [
            "aws_security_group.alb",
            "aws_security_group.autoscaling",
            "aws_vpc.this",
            "data.aws_ami.ubuntu"
          ]
        }
      ]
    },
    {
      "mode": "managed",
      "type": "aws_lb",
      "name": "this",
      "provider": "provider[\"registry.terraform.io/hashicorp/aws\"]",
      "instances": [
        {
          "schema_version": 0,
          "attributes": {
            "access_logs": [
              {
                "bucket": "",
                "enabled": false,
                "prefix": ""
              }
            ],
            "arn": "arn:aws:elasticloadbalancing:us-east-1:973795184365:loadbalancer/app/Terraform-ALB/d2c3d809e833d9c2",
            "arn_suffix": "app/Terraform-ALB/d2c3d809e833d9c2",
            "customer_owned_ipv4_pool": "",
            "dns_name": "Terraform-ALB-687993837.us-east-1.elb.amazonaws.com",
            "drop_invalid_header_fields": false,
            "enable_cross_zone_load_balancing": null,
            "enable_deletion_protection": false,
            "enable_http2": true,
            "id": "arn:aws:elasticloadbalancing:us-east-1:973795184365:loadbalancer/app/Terraform-ALB/d2c3d809e833d9c2",
            "idle_timeout": 60,
            "internal": false,
            "ip_address_type": "ipv4",
            "load_balancer_type": "application",
            "name": "Terraform-ALB",
            "name_prefix": null,
            "security_groups": [
              "sg-02447c9659452cef1"
            ],
            "subnet_mapping": [
              {
                "allocation_id": "",
                "ipv6_address": "",
                "outpost_id": "",
                "private_ipv4_address": "",
                "subnet_id": "subnet-037267f34121c37a5"
              },
              {
                "allocation_id": "",
                "ipv6_address": "",
                "outpost_id": "",
                "private_ipv4_address": "",
                "subnet_id": "subnet-06456178ae0f913a9"
              }
            ],
            "subnets": [
              "subnet-037267f34121c37a5",
              "subnet-06456178ae0f913a9"
            ],
            "tags": {
              "CreatedAt": "2021-05-13",
              "ManagedBy": "Terraform",
              "Name": "Terraform ALB",
              "Owner": "AWS Devops",
              "Project": "AWS com Terraform",
              "Service": "Interview"
            },
            "tags_all": {
              "CreatedAt": "2021-05-13",
              "ManagedBy": "Terraform",
              "Name": "Terraform ALB",
              "Owner": "AWS Devops",
              "Project": "AWS com Terraform",
              "Service": "Interview"
            },
            "timeouts": null,
            "vpc_id": "vpc-03abeb0a62995ec66",
            "zone_id": "Z35SXDOTRQ7X7K"
          },
          "sensitive_attributes": [],
          "private": "eyJlMmJmYjczMC1lY2FhLTExZTYtOGY4OC0zNDM2M2JjN2M0YzAiOnsiY3JlYXRlIjo2MDAwMDAwMDAwMDAsImRlbGV0ZSI6NjAwMDAwMDAwMDAwLCJ1cGRhdGUiOjYwMDAwMDAwMDAwMH19",
          "dependencies": [
            "aws_security_group.alb",
            "aws_subnet.this",
            "aws_vpc.this"
          ]
        }
      ]
    },
    {
      "mode": "managed",
      "type": "aws_lb_listener",
      "name": "this",
      "provider": "provider[\"registry.terraform.io/hashicorp/aws\"]",
      "instances": [
        {
          "schema_version": 0,
          "attributes": {
            "alpn_policy": null,
            "arn": "arn:aws:elasticloadbalancing:us-east-1:973795184365:listener/app/Terraform-ALB/d2c3d809e833d9c2/05cf787a021d3013",
            "certificate_arn": null,
            "default_action": [
              {
                "authenticate_cognito": [],
                "authenticate_oidc": [],
                "fixed_response": [],
                "forward": [],
                "order": 1,
                "redirect": [],
                "target_group_arn": "arn:aws:elasticloadbalancing:us-east-1:973795184365:targetgroup/ALB-TG/07283ad4d6441e8d",
                "type": "forward"
              }
            ],
            "id": "arn:aws:elasticloadbalancing:us-east-1:973795184365:listener/app/Terraform-ALB/d2c3d809e833d9c2/05cf787a021d3013",
            "load_balancer_arn": "arn:aws:elasticloadbalancing:us-east-1:973795184365:loadbalancer/app/Terraform-ALB/d2c3d809e833d9c2",
            "port": 80,
            "protocol": "HTTP",
            "ssl_policy": "",
            "tags": null,
            "tags_all": {},
            "timeouts": null
          },
          "sensitive_attributes": [],
          "private": "eyJlMmJmYjczMC1lY2FhLTExZTYtOGY4OC0zNDM2M2JjN2M0YzAiOnsicmVhZCI6NjAwMDAwMDAwMDAwfX0=",
          "dependencies": [
            "aws_lb.this",
            "aws_lb_target_group.this",
            "aws_security_group.alb",
            "aws_subnet.this",
            "aws_vpc.this"
          ]
        }
      ]
    },
    {
      "mode": "managed",
      "type": "aws_lb_target_group",
      "name": "this",
      "provider": "provider[\"registry.terraform.io/hashicorp/aws\"]",
      "instances": [
        {
          "schema_version": 0,
          "attributes": {
            "arn": "arn:aws:elasticloadbalancing:us-east-1:973795184365:targetgroup/ALB-TG/07283ad4d6441e8d",
            "arn_suffix": "targetgroup/ALB-TG/07283ad4d6441e8d",
            "deregistration_delay": 300,
            "health_check": [
              {
                "enabled": true,
                "healthy_threshold": 2,
                "interval": 30,
                "matcher": "200",
                "path": "/",
                "port": "traffic-port",
                "protocol": "HTTP",
                "timeout": 5,
                "unhealthy_threshold": 3
              }
            ],
            "id": "arn:aws:elasticloadbalancing:us-east-1:973795184365:targetgroup/ALB-TG/07283ad4d6441e8d",
            "lambda_multi_value_headers_enabled": false,
            "load_balancing_algorithm_type": "round_robin",
            "name": "ALB-TG",
            "name_prefix": null,
            "port": 80,
            "preserve_client_ip": null,
            "protocol": "HTTP",
            "protocol_version": "HTTP1",
            "proxy_protocol_v2": false,
            "slow_start": 0,
            "stickiness": [
              {
                "cookie_duration": 86400,
                "enabled": false,
                "type": "lb_cookie"
              }
            ],
            "tags": null,
            "tags_all": {},
            "target_type": "instance",
            "vpc_id": "vpc-03abeb0a62995ec66"
          },
          "sensitive_attributes": [],
          "private": "bnVsbA==",
          "dependencies": [
            "aws_vpc.this"
          ]
        }
      ]
    },
    {
      "mode": "managed",
      "type": "aws_route53_record",
      "name": "cert_validation",
      "provider": "provider[\"registry.terraform.io/hashicorp/aws\"].us-east-1",
      "instances": [
        {
          "index_key": "*.ffk07devops.com",
          "schema_version": 2,
          "attributes": {
            "alias": [],
            "allow_overwrite": true,
            "failover_routing_policy": [],
            "fqdn": "_43e570d90772d63b4d311eb70142cee6.ffk07devops.com",
            "geolocation_routing_policy": [],
            "health_check_id": null,
            "id": "Z0489337M685J59EP76W__43e570d90772d63b4d311eb70142cee6.ffk07devops.com._CNAME",
            "latency_routing_policy": [],
            "multivalue_answer_routing_policy": null,
            "name": "_43e570d90772d63b4d311eb70142cee6.ffk07devops.com",
            "records": [
              "_34c548eeb42272cb7ad6a8bd58e06a53.jddtvkljgg.acm-validations.aws."
            ],
            "set_identifier": null,
            "ttl": 60,
            "type": "CNAME",
            "weighted_routing_policy": [],
            "zone_id": "Z0489337M685J59EP76W"
          },
          "sensitive_attributes": [],
          "private": "eyJzY2hlbWFfdmVyc2lvbiI6IjIifQ==",
          "dependencies": [
            "aws_acm_certificate.this",
            "aws_route53_zone.this",
            "random_pet.website"
          ]
        },
        {
          "index_key": "ffk07devops.com",
          "schema_version": 2,
          "attributes": {
            "alias": [],
            "allow_overwrite": true,
            "failover_routing_policy": [],
            "fqdn": "_43e570d90772d63b4d311eb70142cee6.ffk07devops.com",
            "geolocation_routing_policy": [],
            "health_check_id": null,
            "id": "Z0489337M685J59EP76W__43e570d90772d63b4d311eb70142cee6.ffk07devops.com._CNAME",
            "latency_routing_policy": [],
            "multivalue_answer_routing_policy": null,
            "name": "_43e570d90772d63b4d311eb70142cee6.ffk07devops.com",
            "records": [
              "_34c548eeb42272cb7ad6a8bd58e06a53.jddtvkljgg.acm-validations.aws."
            ],
            "set_identifier": null,
            "ttl": 60,
            "type": "CNAME",
            "weighted_routing_policy": [],
            "zone_id": "Z0489337M685J59EP76W"
          },
          "sensitive_attributes": [],
          "private": "eyJzY2hlbWFfdmVyc2lvbiI6IjIifQ==",
          "dependencies": [
            "aws_acm_certificate.this",
            "aws_route53_zone.this",
            "random_pet.website"
          ]
        }
      ]
    },
    {
      "mode": "managed",
      "type": "aws_route53_zone",
      "name": "this",
      "provider": "provider[\"registry.terraform.io/hashicorp/aws\"]",
      "instances": [
        {
          "schema_version": 0,
          "attributes": {
            "comment": "Managed by Terraform",
            "delegation_set_id": "",
            "force_destroy": false,
            "id": "Z0489337M685J59EP76W",
            "name": "ffk07devops.com",
            "name_servers": [
              "ns-1194.awsdns-21.org",
              "ns-1698.awsdns-20.co.uk",
              "ns-171.awsdns-21.com",
              "ns-888.awsdns-47.net"
            ],
            "tags": null,
            "tags_all": {},
            "vpc": [],
            "zone_id": "Z0489337M685J59EP76W"
          },
          "sensitive_attributes": [],
          "private": "bnVsbA==",
          "dependencies": [
            "random_pet.website"
          ]
        }
      ]
    },
    {
      "mode": "managed",
      "type": "aws_route_table",
      "name": "private",
      "provider": "provider[\"registry.terraform.io/hashicorp/aws\"]",
      "instances": [
        {
          "schema_version": 0,
          "attributes": {
            "arn": "arn:aws:ec2:us-east-1:973795184365:route-table/rtb-0eb967ed33d281bca",
            "id": "rtb-0eb967ed33d281bca",
            "owner_id": "973795184365",
            "propagating_vgws": [],
            "route": [],
            "tags": {
              "CreatedAt": "2021-05-13",
              "ManagedBy": "Terraform",
              "Name": "Terraform Private",
              "Owner": "AWS Devops",
              "Project": "AWS com Terraform",
              "Service": "Interview"
            },
            "tags_all": {
              "CreatedAt": "2021-05-13",
              "ManagedBy": "Terraform",
              "Name": "Terraform Private",
              "Owner": "AWS Devops",
              "Project": "AWS com Terraform",
              "Service": "Interview"
            },
            "vpc_id": "vpc-03abeb0a62995ec66"
          },
          "sensitive_attributes": [],
          "private": "bnVsbA==",
          "dependencies": [
            "aws_vpc.this"
          ]
        }
      ]
    },
    {
      "mode": "managed",
      "type": "aws_route_table",
      "name": "public",
      "provider": "provider[\"registry.terraform.io/hashicorp/aws\"]",
      "instances": [
        {
          "schema_version": 0,
          "attributes": {
            "arn": "arn:aws:ec2:us-east-1:973795184365:route-table/rtb-00778e74b30d34707",
            "id": "rtb-00778e74b30d34707",
            "owner_id": "973795184365",
            "propagating_vgws": [],
            "route": [
              {
                "carrier_gateway_id": "",
                "cidr_block": "0.0.0.0/0",
                "destination_prefix_list_id": "",
                "egress_only_gateway_id": "",
                "gateway_id": "igw-0efb8baf35293dbae",
                "instance_id": "",
                "ipv6_cidr_block": "",
                "local_gateway_id": "",
                "nat_gateway_id": "",
                "network_interface_id": "",
                "transit_gateway_id": "",
                "vpc_endpoint_id": "",
                "vpc_peering_connection_id": ""
              }
            ],
            "tags": {
              "CreatedAt": "2021-05-13",
              "ManagedBy": "Terraform",
              "Name": "Terraform Public",
              "Owner": "AWS Devops",
              "Project": "AWS com Terraform",
              "Service": "Interview"
            },
            "tags_all": {
              "CreatedAt": "2021-05-13",
              "ManagedBy": "Terraform",
              "Name": "Terraform Public",
              "Owner": "AWS Devops",
              "Project": "AWS com Terraform",
              "Service": "Interview"
            },
            "vpc_id": "vpc-03abeb0a62995ec66"
          },
          "sensitive_attributes": [],
          "private": "bnVsbA==",
          "dependencies": [
            "aws_internet_gateway.this",
            "aws_vpc.this"
          ]
        }
      ]
    },
    {
      "mode": "managed",
      "type": "aws_route_table_association",
      "name": "this",
      "provider": "provider[\"registry.terraform.io/hashicorp/aws\"]",
      "instances": [
        {
          "index_key": "Private A",
          "schema_version": 0,
          "attributes": {
            "gateway_id": null,
            "id": "rtbassoc-0820869750b35efb0",
            "route_table_id": "rtb-0eb967ed33d281bca",
            "subnet_id": "subnet-043fd5a0a347bb56f"
          },
          "sensitive_attributes": [],
          "private": "bnVsbA==",
          "dependencies": [
            "aws_internet_gateway.this",
            "aws_route_table.private",
            "aws_route_table.public",
            "aws_subnet.this",
            "aws_vpc.this"
          ]
        },
        {
          "index_key": "Private B",
          "schema_version": 0,
          "attributes": {
            "gateway_id": null,
            "id": "rtbassoc-004d3574f752f9d99",
            "route_table_id": "rtb-0eb967ed33d281bca",
            "subnet_id": "subnet-0a4b61a09734f0771"
          },
          "sensitive_attributes": [],
          "private": "bnVsbA==",
          "dependencies": [
            "aws_internet_gateway.this",
            "aws_route_table.private",
            "aws_route_table.public",
            "aws_subnet.this",
            "aws_vpc.this"
          ]
        },
        {
          "index_key": "Public A",
          "schema_version": 0,
          "attributes": {
            "gateway_id": null,
            "id": "rtbassoc-0c18842058fac72b8",
            "route_table_id": "rtb-00778e74b30d34707",
            "subnet_id": "subnet-06456178ae0f913a9"
          },
          "sensitive_attributes": [],
          "private": "bnVsbA==",
          "dependencies": [
            "aws_internet_gateway.this",
            "aws_route_table.private",
            "aws_route_table.public",
            "aws_subnet.this",
            "aws_vpc.this"
          ]
        },
        {
          "index_key": "Public B",
          "schema_version": 0,
          "attributes": {
            "gateway_id": null,
            "id": "rtbassoc-0253d44f73317f6eb",
            "route_table_id": "rtb-00778e74b30d34707",
            "subnet_id": "subnet-037267f34121c37a5"
          },
          "sensitive_attributes": [],
          "private": "bnVsbA==",
          "dependencies": [
            "aws_internet_gateway.this",
            "aws_route_table.private",
            "aws_route_table.public",
            "aws_subnet.this",
            "aws_vpc.this"
          ]
        }
      ]
    },
    {
      "mode": "managed",
      "type": "aws_security_group",
      "name": "alb",
      "provider": "provider[\"registry.terraform.io/hashicorp/aws\"]",
      "instances": [
        {
          "schema_version": 1,
          "attributes": {
            "arn": "arn:aws:ec2:us-east-1:973795184365:security-group/sg-02447c9659452cef1",
            "description": "Load Balancer SG",
            "egress": [
              {
                "cidr_blocks": [
                  "0.0.0.0/0"
                ],
                "description": "",
                "from_port": 0,
                "ipv6_cidr_blocks": [],
                "prefix_list_ids": [],
                "protocol": "-1",
                "security_groups": [],
                "self": false,
                "to_port": 0
              }
            ],
            "id": "sg-02447c9659452cef1",
            "ingress": [
              {
                "cidr_blocks": [
                  "0.0.0.0/0"
                ],
                "description": "",
                "from_port": 80,
                "ipv6_cidr_blocks": [],
                "prefix_list_ids": [],
                "protocol": "tcp",
                "security_groups": [],
                "self": false,
                "to_port": 80
              }
            ],
            "name": "ALB-SG",
            "name_prefix": "",
            "owner_id": "973795184365",
            "revoke_rules_on_delete": false,
            "tags": {
              "CreatedAt": "2021-05-13",
              "ManagedBy": "Terraform",
              "Name": "Load Balancer",
              "Owner": "AWS Devops",
              "Project": "AWS com Terraform",
              "Service": "Interview"
            },
            "tags_all": {
              "CreatedAt": "2021-05-13",
              "ManagedBy": "Terraform",
              "Name": "Load Balancer",
              "Owner": "AWS Devops",
              "Project": "AWS com Terraform",
              "Service": "Interview"
            },
            "timeouts": null,
            "vpc_id": "vpc-03abeb0a62995ec66"
          },
          "sensitive_attributes": [],
          "private": "eyJlMmJmYjczMC1lY2FhLTExZTYtOGY4OC0zNDM2M2JjN2M0YzAiOnsiY3JlYXRlIjo2MDAwMDAwMDAwMDAsImRlbGV0ZSI6OTAwMDAwMDAwMDAwfSwic2NoZW1hX3ZlcnNpb24iOiIxIn0=",
          "dependencies": [
            "aws_vpc.this"
          ]
        }
      ]
    },
    {
      "mode": "managed",
      "type": "aws_security_group",
      "name": "autoscaling",
      "provider": "provider[\"registry.terraform.io/hashicorp/aws\"]",
      "instances": [
        {
          "schema_version": 1,
          "attributes": {
            "arn": "arn:aws:ec2:us-east-1:973795184365:security-group/sg-0d2a8fdd1342c812a",
            "description": "Security group that allows ssh/http and all egress traffic",
            "egress": [
              {
                "cidr_blocks": [
                  "0.0.0.0/0"
                ],
                "description": "",
                "from_port": 0,
                "ipv6_cidr_blocks": [],
                "prefix_list_ids": [],
                "protocol": "-1",
                "security_groups": [],
                "self": false,
                "to_port": 0
              }
            ],
            "id": "sg-0d2a8fdd1342c812a",
            "ingress": [
              {
                "cidr_blocks": [
                  "0.0.0.0/0"
                ],
                "description": "",
                "from_port": 22,
                "ipv6_cidr_blocks": [],
                "prefix_list_ids": [],
                "protocol": "tcp",
                "security_groups": [],
                "self": false,
                "to_port": 22
              },
              {
                "cidr_blocks": [],
                "description": "",
                "from_port": 80,
                "ipv6_cidr_blocks": [],
                "prefix_list_ids": [],
                "protocol": "tcp",
                "security_groups": [
                  "sg-02447c9659452cef1"
                ],
                "self": false,
                "to_port": 80
              }
            ],
            "name": "autoscaling",
            "name_prefix": "",
            "owner_id": "973795184365",
            "revoke_rules_on_delete": false,
            "tags": {
              "CreatedAt": "2021-05-13",
              "ManagedBy": "Terraform",
              "Name": "Auto Scaling",
              "Owner": "AWS Devops",
              "Project": "AWS com Terraform",
              "Service": "Interview"
            },
            "tags_all": {
              "CreatedAt": "2021-05-13",
              "ManagedBy": "Terraform",
              "Name": "Auto Scaling",
              "Owner": "AWS Devops",
              "Project": "AWS com Terraform",
              "Service": "Interview"
            },
            "timeouts": null,
            "vpc_id": "vpc-03abeb0a62995ec66"
          },
          "sensitive_attributes": [],
          "private": "eyJlMmJmYjczMC1lY2FhLTExZTYtOGY4OC0zNDM2M2JjN2M0YzAiOnsiY3JlYXRlIjo2MDAwMDAwMDAwMDAsImRlbGV0ZSI6OTAwMDAwMDAwMDAwfSwic2NoZW1hX3ZlcnNpb24iOiIxIn0=",
          "dependencies": [
            "aws_security_group.alb",
            "aws_vpc.this"
          ]
        }
      ]
    },
    {
      "mode": "managed",
      "type": "aws_security_group",
      "name": "web",
      "provider": "provider[\"registry.terraform.io/hashicorp/aws\"]",
      "instances": [
        {
          "schema_version": 1,
          "attributes": {
            "arn": "arn:aws:ec2:us-east-1:973795184365:security-group/sg-0488c9369a9e1bd00",
            "description": "Allow public inbound traffic",
            "egress": [],
            "id": "sg-0488c9369a9e1bd00",
            "ingress": [
              {
                "cidr_blocks": [
                  "0.0.0.0/0"
                ],
                "description": "",
                "from_port": -1,
                "ipv6_cidr_blocks": [],
                "prefix_list_ids": [],
                "protocol": "icmp",
                "security_groups": [],
                "self": false,
                "to_port": -1
              },
              {
                "cidr_blocks": [
                  "0.0.0.0/0"
                ],
                "description": "",
                "from_port": 443,
                "ipv6_cidr_blocks": [],
                "prefix_list_ids": [],
                "protocol": "tcp",
                "security_groups": [],
                "self": false,
                "to_port": 443
              },
              {
                "cidr_blocks": [
                  "0.0.0.0/0"
                ],
                "description": "",
                "from_port": 80,
                "ipv6_cidr_blocks": [],
                "prefix_list_ids": [],
                "protocol": "tcp",
                "security_groups": [],
                "self": false,
                "to_port": 80
              }
            ],
            "name": "Web",
            "name_prefix": "",
            "owner_id": "973795184365",
            "revoke_rules_on_delete": false,
            "tags": {
              "CreatedAt": "2021-05-13",
              "ManagedBy": "Terraform",
              "Name": "Web Server",
              "Owner": "AWS Devops",
              "Project": "AWS com Terraform",
              "Service": "Interview"
            },
            "tags_all": {
              "CreatedAt": "2021-05-13",
              "ManagedBy": "Terraform",
              "Name": "Web Server",
              "Owner": "AWS Devops",
              "Project": "AWS com Terraform",
              "Service": "Interview"
            },
            "timeouts": null,
            "vpc_id": "vpc-03abeb0a62995ec66"
          },
          "sensitive_attributes": [],
          "private": "eyJlMmJmYjczMC1lY2FhLTExZTYtOGY4OC0zNDM2M2JjN2M0YzAiOnsiY3JlYXRlIjo2MDAwMDAwMDAwMDAsImRlbGV0ZSI6OTAwMDAwMDAwMDAwfSwic2NoZW1hX3ZlcnNpb24iOiIxIn0=",
          "dependencies": [
            "aws_vpc.this"
          ]
        }
      ]
    },
    {
      "mode": "managed",
      "type": "aws_subnet",
      "name": "this",
      "provider": "provider[\"registry.terraform.io/hashicorp/aws\"]",
      "instances": [
        {
          "index_key": "pub_a",
          "schema_version": 1,
          "attributes": {
            "arn": "arn:aws:ec2:us-east-1:973795184365:subnet/subnet-06456178ae0f913a9",
            "assign_ipv6_address_on_creation": false,
            "availability_zone": "us-east-1a",
            "availability_zone_id": "use1-az4",
            "cidr_block": "192.168.1.0/24",
            "customer_owned_ipv4_pool": "",
            "id": "subnet-06456178ae0f913a9",
            "ipv6_cidr_block": "",
            "ipv6_cidr_block_association_id": "",
            "map_customer_owned_ip_on_launch": false,
            "map_public_ip_on_launch": false,
            "outpost_arn": "",
            "owner_id": "973795184365",
            "tags": {
              "CreatedAt": "2021-05-13",
              "ManagedBy": "Terraform",
              "Name": "Public A",
              "Owner": "AWS Devops",
              "Project": "AWS com Terraform",
              "Service": "Interview"
            },
            "tags_all": {
              "CreatedAt": "2021-05-13",
              "ManagedBy": "Terraform",
              "Name": "Public A",
              "Owner": "AWS Devops",
              "Project": "AWS com Terraform",
              "Service": "Interview"
            },
            "timeouts": null,
            "vpc_id": "vpc-03abeb0a62995ec66"
          },
          "sensitive_attributes": [],
          "private": "eyJlMmJmYjczMC1lY2FhLTExZTYtOGY4OC0zNDM2M2JjN2M0YzAiOnsiY3JlYXRlIjo2MDAwMDAwMDAwMDAsImRlbGV0ZSI6MTIwMDAwMDAwMDAwMH0sInNjaGVtYV92ZXJzaW9uIjoiMSJ9",
          "dependencies": [
            "aws_vpc.this"
          ]
        },
        {
          "index_key": "pub_b",
          "schema_version": 1,
          "attributes": {
            "arn": "arn:aws:ec2:us-east-1:973795184365:subnet/subnet-037267f34121c37a5",
            "assign_ipv6_address_on_creation": false,
            "availability_zone": "us-east-1b",
            "availability_zone_id": "use1-az6",
            "cidr_block": "192.168.2.0/24",
            "customer_owned_ipv4_pool": "",
            "id": "subnet-037267f34121c37a5",
            "ipv6_cidr_block": "",
            "ipv6_cidr_block_association_id": "",
            "map_customer_owned_ip_on_launch": false,
            "map_public_ip_on_launch": false,
            "outpost_arn": "",
            "owner_id": "973795184365",
            "tags": {
              "CreatedAt": "2021-05-13",
              "ManagedBy": "Terraform",
              "Name": "Public B",
              "Owner": "AWS Devops",
              "Project": "AWS com Terraform",
              "Service": "Interview"
            },
            "tags_all": {
              "CreatedAt": "2021-05-13",
              "ManagedBy": "Terraform",
              "Name": "Public B",
              "Owner": "AWS Devops",
              "Project": "AWS com Terraform",
              "Service": "Interview"
            },
            "timeouts": null,
            "vpc_id": "vpc-03abeb0a62995ec66"
          },
          "sensitive_attributes": [],
          "private": "eyJlMmJmYjczMC1lY2FhLTExZTYtOGY4OC0zNDM2M2JjN2M0YzAiOnsiY3JlYXRlIjo2MDAwMDAwMDAwMDAsImRlbGV0ZSI6MTIwMDAwMDAwMDAwMH0sInNjaGVtYV92ZXJzaW9uIjoiMSJ9",
          "dependencies": [
            "aws_vpc.this"
          ]
        },
        {
          "index_key": "pvt_a",
          "schema_version": 1,
          "attributes": {
            "arn": "arn:aws:ec2:us-east-1:973795184365:subnet/subnet-043fd5a0a347bb56f",
            "assign_ipv6_address_on_creation": false,
            "availability_zone": "us-east-1a",
            "availability_zone_id": "use1-az4",
            "cidr_block": "192.168.3.0/24",
            "customer_owned_ipv4_pool": "",
            "id": "subnet-043fd5a0a347bb56f",
            "ipv6_cidr_block": "",
            "ipv6_cidr_block_association_id": "",
            "map_customer_owned_ip_on_launch": false,
            "map_public_ip_on_launch": false,
            "outpost_arn": "",
            "owner_id": "973795184365",
            "tags": {
              "CreatedAt": "2021-05-13",
              "ManagedBy": "Terraform",
              "Name": "Private A",
              "Owner": "AWS Devops",
              "Project": "AWS com Terraform",
              "Service": "Interview"
            },
            "tags_all": {
              "CreatedAt": "2021-05-13",
              "ManagedBy": "Terraform",
              "Name": "Private A",
              "Owner": "AWS Devops",
              "Project": "AWS com Terraform",
              "Service": "Interview"
            },
            "timeouts": null,
            "vpc_id": "vpc-03abeb0a62995ec66"
          },
          "sensitive_attributes": [],
          "private": "eyJlMmJmYjczMC1lY2FhLTExZTYtOGY4OC0zNDM2M2JjN2M0YzAiOnsiY3JlYXRlIjo2MDAwMDAwMDAwMDAsImRlbGV0ZSI6MTIwMDAwMDAwMDAwMH0sInNjaGVtYV92ZXJzaW9uIjoiMSJ9",
          "dependencies": [
            "aws_vpc.this"
          ]
        },
        {
          "index_key": "pvt_b",
          "schema_version": 1,
          "attributes": {
            "arn": "arn:aws:ec2:us-east-1:973795184365:subnet/subnet-0a4b61a09734f0771",
            "assign_ipv6_address_on_creation": false,
            "availability_zone": "us-east-1b",
            "availability_zone_id": "use1-az6",
            "cidr_block": "192.168.4.0/24",
            "customer_owned_ipv4_pool": "",
            "id": "subnet-0a4b61a09734f0771",
            "ipv6_cidr_block": "",
            "ipv6_cidr_block_association_id": "",
            "map_customer_owned_ip_on_launch": false,
            "map_public_ip_on_launch": false,
            "outpost_arn": "",
            "owner_id": "973795184365",
            "tags": {
              "CreatedAt": "2021-05-13",
              "ManagedBy": "Terraform",
              "Name": "Private B",
              "Owner": "AWS Devops",
              "Project": "AWS com Terraform",
              "Service": "Interview"
            },
            "tags_all": {
              "CreatedAt": "2021-05-13",
              "ManagedBy": "Terraform",
              "Name": "Private B",
              "Owner": "AWS Devops",
              "Project": "AWS com Terraform",
              "Service": "Interview"
            },
            "timeouts": null,
            "vpc_id": "vpc-03abeb0a62995ec66"
          },
          "sensitive_attributes": [],
          "private": "eyJlMmJmYjczMC1lY2FhLTExZTYtOGY4OC0zNDM2M2JjN2M0YzAiOnsiY3JlYXRlIjo2MDAwMDAwMDAwMDAsImRlbGV0ZSI6MTIwMDAwMDAwMDAwMH0sInNjaGVtYV92ZXJzaW9uIjoiMSJ9",
          "dependencies": [
            "aws_vpc.this"
          ]
        }
      ]
    },
    {
      "mode": "managed",
      "type": "aws_vpc",
      "name": "this",
      "provider": "provider[\"registry.terraform.io/hashicorp/aws\"]",
      "instances": [
        {
          "schema_version": 1,
          "attributes": {
            "arn": "arn:aws:ec2:us-east-1:973795184365:vpc/vpc-03abeb0a62995ec66",
            "assign_generated_ipv6_cidr_block": false,
            "cidr_block": "192.168.0.0/16",
            "default_network_acl_id": "acl-03563526d588d7a81",
            "default_route_table_id": "rtb-0375b3df01a9b6bf5",
            "default_security_group_id": "sg-0698d4a3a11af9f13",
            "dhcp_options_id": "dopt-79526703",
            "enable_classiclink": false,
            "enable_classiclink_dns_support": false,
            "enable_dns_hostnames": false,
            "enable_dns_support": true,
            "id": "vpc-03abeb0a62995ec66",
            "instance_tenancy": "default",
            "ipv6_association_id": "",
            "ipv6_cidr_block": "",
            "main_route_table_id": "rtb-0375b3df01a9b6bf5",
            "owner_id": "973795184365",
            "tags": {
              "CreatedAt": "2021-05-13",
              "ManagedBy": "Terraform",
              "Name": "Terraform VPC ",
              "Owner": "AWS Devops",
              "Project": "AWS com Terraform",
              "Service": "Interview"
            },
            "tags_all": {
              "CreatedAt": "2021-05-13",
              "ManagedBy": "Terraform",
              "Name": "Terraform VPC ",
              "Owner": "AWS Devops",
              "Project": "AWS com Terraform",
              "Service": "Interview"
            }
          },
          "sensitive_attributes": [],
          "private": "eyJzY2hlbWFfdmVyc2lvbiI6IjEifQ=="
        }
      ]
    },
    {
      "mode": "managed",
      "type": "random_pet",
      "name": "website",
      "provider": "provider[\"registry.terraform.io/hashicorp/random\"]",
      "instances": [
        {
          "schema_version": 0,
          "attributes": {
            "id": "literally-gently-hardly-central-goshawk",
            "keepers": null,
            "length": 5,
            "prefix": null,
            "separator": "-"
          },
          "sensitive_attributes": [],
          "private": "bnVsbA=="
        }
      ]
    }
  ]
}
